// !$*UTF8*$!
{
	archiveVersion = 1;
	classes = {
	};
	objectVersion = 46;
	objects = {

/* Begin PBXBuildFile section */
		337C0D2D62B4AAF9779D58C4 /* Pods_FipeOfertas.framework in Frameworks */ = {isa = PBXBuildFile; fileRef = 246A7A0CEE3B6859CD04F376 /* Pods_FipeOfertas.framework */; };
		C902A4201DE9F15A00566F39 /* FipeOfertasUITests.swift in Sources */ = {isa = PBXBuildFile; fileRef = C902A41F1DE9F15A00566F39 /* FipeOfertasUITests.swift */; };
		C902A4281DE9F63C00566F39 /* fipeofertas.png in Resources */ = {isa = PBXBuildFile; fileRef = C902A4271DE9F63C00566F39 /* fipeofertas.png */; };
		C916350B1DE9CDA1006B3B8E /* FipeOfertasTests.swift in Sources */ = {isa = PBXBuildFile; fileRef = C916350A1DE9CDA1006B3B8E /* FipeOfertasTests.swift */; };
		EB45FCC71DE27154006A5CA8 /* Brand.swift in Sources */ = {isa = PBXBuildFile; fileRef = EB45FCC61DE27154006A5CA8 /* Brand.swift */; };
		EB45FCC91DE273F3006A5CA8 /* VehicleManager.swift in Sources */ = {isa = PBXBuildFile; fileRef = EB45FCC81DE273F3006A5CA8 /* VehicleManager.swift */; };
		EB45FCCB1DE286B4006A5CA8 /* Model.swift in Sources */ = {isa = PBXBuildFile; fileRef = EB45FCCA1DE286B4006A5CA8 /* Model.swift */; };
		EB45FCCD1DE28821006A5CA8 /* Type.swift in Sources */ = {isa = PBXBuildFile; fileRef = EB45FCCC1DE28821006A5CA8 /* Type.swift */; };
		EB45FCCF1DE28938006A5CA8 /* Vehicle.swift in Sources */ = {isa = PBXBuildFile; fileRef = EB45FCCE1DE28938006A5CA8 /* Vehicle.swift */; };
		EBBC40FE1DE0E2350028D589 /* AppDelegate.swift in Sources */ = {isa = PBXBuildFile; fileRef = EBBC40FD1DE0E2350028D589 /* AppDelegate.swift */; };
		EBBC41001DE0E2350028D589 /* ViewController.swift in Sources */ = {isa = PBXBuildFile; fileRef = EBBC40FF1DE0E2350028D589 /* ViewController.swift */; };
		EBBC41031DE0E2350028D589 /* Main.storyboard in Resources */ = {isa = PBXBuildFile; fileRef = EBBC41011DE0E2350028D589 /* Main.storyboard */; };
		EBBC41051DE0E2350028D589 /* Assets.xcassets in Resources */ = {isa = PBXBuildFile; fileRef = EBBC41041DE0E2350028D589 /* Assets.xcassets */; };
		EBBC41081DE0E2350028D589 /* LaunchScreen.storyboard in Resources */ = {isa = PBXBuildFile; fileRef = EBBC41061DE0E2350028D589 /* LaunchScreen.storyboard */; };
/* End PBXBuildFile section */

/* Begin PBXContainerItemProxy section */
		C902A4221DE9F15B00566F39 /* PBXContainerItemProxy */ = {
			isa = PBXContainerItemProxy;
			containerPortal = EBBC40F21DE0E2350028D589 /* Project object */;
			proxyType = 1;
			remoteGlobalIDString = EBBC40F91DE0E2350028D589;
			remoteInfo = FipeOfertas;
		};
		C916350D1DE9CDA1006B3B8E /* PBXContainerItemProxy */ = {
			isa = PBXContainerItemProxy;
			containerPortal = EBBC40F21DE0E2350028D589 /* Project object */;
			proxyType = 1;
			remoteGlobalIDString = EBBC40F91DE0E2350028D589;
			remoteInfo = FipeOfertas;
		};
/* End PBXContainerItemProxy section */

/* Begin PBXFileReference section */
		246A7A0CEE3B6859CD04F376 /* Pods_FipeOfertas.framework */ = {isa = PBXFileReference; explicitFileType = wrapper.framework; includeInIndex = 0; path = Pods_FipeOfertas.framework; sourceTree = BUILT_PRODUCTS_DIR; };
		A8C7914A703A1D246C708377 /* Pods-FipeOfertas.debug.xcconfig */ = {isa = PBXFileReference; includeInIndex = 1; lastKnownFileType = text.xcconfig; name = "Pods-FipeOfertas.debug.xcconfig"; path = "Pods/Target Support Files/Pods-FipeOfertas/Pods-FipeOfertas.debug.xcconfig"; sourceTree = "<group>"; };
		B7F7DB052898F8D2D132C91F /* Pods-FipeOfertas.release.xcconfig */ = {isa = PBXFileReference; includeInIndex = 1; lastKnownFileType = text.xcconfig; name = "Pods-FipeOfertas.release.xcconfig"; path = "Pods/Target Support Files/Pods-FipeOfertas/Pods-FipeOfertas.release.xcconfig"; sourceTree = "<group>"; };
		C902A41D1DE9F15A00566F39 /* FipeOfertasUITests.xctest */ = {isa = PBXFileReference; explicitFileType = wrapper.cfbundle; includeInIndex = 0; path = FipeOfertasUITests.xctest; sourceTree = BUILT_PRODUCTS_DIR; };
		C902A41F1DE9F15A00566F39 /* FipeOfertasUITests.swift */ = {isa = PBXFileReference; lastKnownFileType = sourcecode.swift; path = FipeOfertasUITests.swift; sourceTree = "<group>"; };
		C902A4211DE9F15B00566F39 /* Info.plist */ = {isa = PBXFileReference; lastKnownFileType = text.plist.xml; path = Info.plist; sourceTree = "<group>"; };
		C902A4271DE9F63C00566F39 /* fipeofertas.png */ = {isa = PBXFileReference; lastKnownFileType = image.png; name = fipeofertas.png; path = ../../../Downloads/fipeofertas.png; sourceTree = "<group>"; };
		C91635081DE9CDA0006B3B8E /* FipeOfertasTests.xctest */ = {isa = PBXFileReference; explicitFileType = wrapper.cfbundle; includeInIndex = 0; path = FipeOfertasTests.xctest; sourceTree = BUILT_PRODUCTS_DIR; };
		C916350A1DE9CDA1006B3B8E /* FipeOfertasTests.swift */ = {isa = PBXFileReference; lastKnownFileType = sourcecode.swift; path = FipeOfertasTests.swift; sourceTree = "<group>"; };
		C916350C1DE9CDA1006B3B8E /* Info.plist */ = {isa = PBXFileReference; lastKnownFileType = text.plist.xml; path = Info.plist; sourceTree = "<group>"; };
		EB45FCC61DE27154006A5CA8 /* Brand.swift */ = {isa = PBXFileReference; fileEncoding = 4; lastKnownFileType = sourcecode.swift; path = Brand.swift; sourceTree = "<group>"; };
		EB45FCC81DE273F3006A5CA8 /* VehicleManager.swift */ = {isa = PBXFileReference; fileEncoding = 4; lastKnownFileType = sourcecode.swift; path = VehicleManager.swift; sourceTree = "<group>"; };
		EB45FCCA1DE286B4006A5CA8 /* Model.swift */ = {isa = PBXFileReference; fileEncoding = 4; lastKnownFileType = sourcecode.swift; path = Model.swift; sourceTree = "<group>"; };
		EB45FCCC1DE28821006A5CA8 /* Type.swift */ = {isa = PBXFileReference; fileEncoding = 4; lastKnownFileType = sourcecode.swift; path = Type.swift; sourceTree = "<group>"; };
		EB45FCCE1DE28938006A5CA8 /* Vehicle.swift */ = {isa = PBXFileReference; fileEncoding = 4; lastKnownFileType = sourcecode.swift; path = Vehicle.swift; sourceTree = "<group>"; };
		EBBC40FA1DE0E2350028D589 /* FipeOfertas.app */ = {isa = PBXFileReference; explicitFileType = wrapper.application; includeInIndex = 0; path = FipeOfertas.app; sourceTree = BUILT_PRODUCTS_DIR; };
		EBBC40FD1DE0E2350028D589 /* AppDelegate.swift */ = {isa = PBXFileReference; lastKnownFileType = sourcecode.swift; path = AppDelegate.swift; sourceTree = "<group>"; };
		EBBC40FF1DE0E2350028D589 /* ViewController.swift */ = {isa = PBXFileReference; lastKnownFileType = sourcecode.swift; path = ViewController.swift; sourceTree = "<group>"; };
		EBBC41021DE0E2350028D589 /* Base */ = {isa = PBXFileReference; lastKnownFileType = file.storyboard; name = Base; path = Base.lproj/Main.storyboard; sourceTree = "<group>"; };
		EBBC41041DE0E2350028D589 /* Assets.xcassets */ = {isa = PBXFileReference; lastKnownFileType = folder.assetcatalog; path = Assets.xcassets; sourceTree = "<group>"; };
		EBBC41071DE0E2350028D589 /* Base */ = {isa = PBXFileReference; lastKnownFileType = file.storyboard; name = Base; path = Base.lproj/LaunchScreen.storyboard; sourceTree = "<group>"; };
		EBBC41091DE0E2350028D589 /* Info.plist */ = {isa = PBXFileReference; lastKnownFileType = text.plist.xml; path = Info.plist; sourceTree = "<group>"; };
/* End PBXFileReference section */

/* Begin PBXFrameworksBuildPhase section */
		C902A41A1DE9F15A00566F39 /* Frameworks */ = {
			isa = PBXFrameworksBuildPhase;
			buildActionMask = 2147483647;
			files = (
			);
			runOnlyForDeploymentPostprocessing = 0;
		};
		C91635051DE9CDA0006B3B8E /* Frameworks */ = {
			isa = PBXFrameworksBuildPhase;
			buildActionMask = 2147483647;
			files = (
			);
			runOnlyForDeploymentPostprocessing = 0;
		};
		EBBC40F71DE0E2350028D589 /* Frameworks */ = {
			isa = PBXFrameworksBuildPhase;
			buildActionMask = 2147483647;
			files = (
				337C0D2D62B4AAF9779D58C4 /* Pods_FipeOfertas.framework in Frameworks */,
			);
			runOnlyForDeploymentPostprocessing = 0;
		};
/* End PBXFrameworksBuildPhase section */

/* Begin PBXGroup section */
		889E3E268CFF559E24C6367B /* Pods */ = {
			isa = PBXGroup;
			children = (
				A8C7914A703A1D246C708377 /* Pods-FipeOfertas.debug.xcconfig */,
				B7F7DB052898F8D2D132C91F /* Pods-FipeOfertas.release.xcconfig */,
			);
			name = Pods;
			sourceTree = "<group>";
		};
		8C91602A3619A83C9CDEA4BD /* Frameworks */ = {
			isa = PBXGroup;
			children = (
				246A7A0CEE3B6859CD04F376 /* Pods_FipeOfertas.framework */,
			);
			name = Frameworks;
			sourceTree = "<group>";
		};
		C902A41E1DE9F15A00566F39 /* FipeOfertasUITests */ = {
			isa = PBXGroup;
			children = (
				C902A41F1DE9F15A00566F39 /* FipeOfertasUITests.swift */,
				C902A4211DE9F15B00566F39 /* Info.plist */,
			);
			path = FipeOfertasUITests;
			sourceTree = "<group>";
		};
		C91635091DE9CDA1006B3B8E /* FipeOfertasTests */ = {
			isa = PBXGroup;
			children = (
				C916350A1DE9CDA1006B3B8E /* FipeOfertasTests.swift */,
				C916350C1DE9CDA1006B3B8E /* Info.plist */,
			);
			path = FipeOfertasTests;
			sourceTree = "<group>";
		};
		EBBC40F11DE0E2350028D589 = {
			isa = PBXGroup;
			children = (
				EBBC40FC1DE0E2350028D589 /* FipeOfertas */,
				C91635091DE9CDA1006B3B8E /* FipeOfertasTests */,
				C902A41E1DE9F15A00566F39 /* FipeOfertasUITests */,
				EBBC40FB1DE0E2350028D589 /* Products */,
				889E3E268CFF559E24C6367B /* Pods */,
				8C91602A3619A83C9CDEA4BD /* Frameworks */,
			);
			sourceTree = "<group>";
		};
		EBBC40FB1DE0E2350028D589 /* Products */ = {
			isa = PBXGroup;
			children = (
				EBBC40FA1DE0E2350028D589 /* FipeOfertas.app */,
				C91635081DE9CDA0006B3B8E /* FipeOfertasTests.xctest */,
				C902A41D1DE9F15A00566F39 /* FipeOfertasUITests.xctest */,
			);
			name = Products;
			sourceTree = "<group>";
		};
		EBBC40FC1DE0E2350028D589 /* FipeOfertas */ = {
			isa = PBXGroup;
			children = (
				EBBC41121DE0E2900028D589 /* Model */,
				EBBC410F1DE0E2620028D589 /* Suport Files */,
				EBBC41111DE0E2790028D589 /* Controller */,
				EBBC41101DE0E26F0028D589 /* View */,
			);
			path = FipeOfertas;
			sourceTree = "<group>";
		};
		EBBC410F1DE0E2620028D589 /* Suport Files */ = {
			isa = PBXGroup;
			children = (
				C902A4271DE9F63C00566F39 /* fipeofertas.png */,
				EBBC40FD1DE0E2350028D589 /* AppDelegate.swift */,
				EBBC41041DE0E2350028D589 /* Assets.xcassets */,
				EBBC41091DE0E2350028D589 /* Info.plist */,
			);
			name = "Suport Files";
			sourceTree = "<group>";
		};
		EBBC41101DE0E26F0028D589 /* View */ = {
			isa = PBXGroup;
			children = (
				EBBC41011DE0E2350028D589 /* Main.storyboard */,
				EBBC41061DE0E2350028D589 /* LaunchScreen.storyboard */,
			);
			name = View;
			sourceTree = "<group>";
		};
		EBBC41111DE0E2790028D589 /* Controller */ = {
			isa = PBXGroup;
			children = (
				EBBC40FF1DE0E2350028D589 /* ViewController.swift */,
			);
			name = Controller;
			sourceTree = "<group>";
		};
		EBBC41121DE0E2900028D589 /* Model */ = {
			isa = PBXGroup;
			children = (
				EB45FCC61DE27154006A5CA8 /* Brand.swift */,
				EB45FCC81DE273F3006A5CA8 /* VehicleManager.swift */,
				EB45FCCA1DE286B4006A5CA8 /* Model.swift */,
				EB45FCCC1DE28821006A5CA8 /* Type.swift */,
				EB45FCCE1DE28938006A5CA8 /* Vehicle.swift */,
			);
			name = Model;
			sourceTree = "<group>";
		};
/* End PBXGroup section */

/* Begin PBXNativeTarget section */
		C902A41C1DE9F15A00566F39 /* FipeOfertasUITests */ = {
			isa = PBXNativeTarget;
			buildConfigurationList = C902A4261DE9F15B00566F39 /* Build configuration list for PBXNativeTarget "FipeOfertasUITests" */;
			buildPhases = (
				C902A4191DE9F15A00566F39 /* Sources */,
				C902A41A1DE9F15A00566F39 /* Frameworks */,
				C902A41B1DE9F15A00566F39 /* Resources */,
			);
			buildRules = (
			);
			dependencies = (
				C902A4231DE9F15B00566F39 /* PBXTargetDependency */,
			);
			name = FipeOfertasUITests;
			productName = FipeOfertasUITests;
			productReference = C902A41D1DE9F15A00566F39 /* FipeOfertasUITests.xctest */;
			productType = "com.apple.product-type.bundle.ui-testing";
		};
		C91635071DE9CDA0006B3B8E /* FipeOfertasTests */ = {
			isa = PBXNativeTarget;
			buildConfigurationList = C916350F1DE9CDA1006B3B8E /* Build configuration list for PBXNativeTarget "FipeOfertasTests" */;
			buildPhases = (
				C91635041DE9CDA0006B3B8E /* Sources */,
				C91635051DE9CDA0006B3B8E /* Frameworks */,
				C91635061DE9CDA0006B3B8E /* Resources */,
			);
			buildRules = (
			);
			dependencies = (
				C916350E1DE9CDA1006B3B8E /* PBXTargetDependency */,
			);
			name = FipeOfertasTests;
			productName = FipeOfertasTests;
			productReference = C91635081DE9CDA0006B3B8E /* FipeOfertasTests.xctest */;
			productType = "com.apple.product-type.bundle.unit-test";
		};
		EBBC40F91DE0E2350028D589 /* FipeOfertas */ = {
			isa = PBXNativeTarget;
			buildConfigurationList = EBBC410C1DE0E2350028D589 /* Build configuration list for PBXNativeTarget "FipeOfertas" */;
			buildPhases = (
				D1959CEB8A0CAE0F18A7279F /* [CP] Check Pods Manifest.lock */,
				EBBC40F61DE0E2350028D589 /* Sources */,
				EBBC40F71DE0E2350028D589 /* Frameworks */,
				EBBC40F81DE0E2350028D589 /* Resources */,
				EA6456234744866BEE88D9CA /* [CP] Embed Pods Frameworks */,
				2382F5EA4B3EA0FE46D100F7 /* [CP] Copy Pods Resources */,
			);
			buildRules = (
			);
			dependencies = (
			);
			name = FipeOfertas;
			productName = FipeOfertas;
			productReference = EBBC40FA1DE0E2350028D589 /* FipeOfertas.app */;
			productType = "com.apple.product-type.application";
		};
/* End PBXNativeTarget section */

/* Begin PBXProject section */
		EBBC40F21DE0E2350028D589 /* Project object */ = {
			isa = PBXProject;
			attributes = {
				LastSwiftUpdateCheck = 0800;
				LastUpgradeCheck = 0810;
				ORGANIZATIONNAME = "Gaspar Teixeira";
				TargetAttributes = {
					C902A41C1DE9F15A00566F39 = {
						CreatedOnToolsVersion = 8.0;
						ProvisioningStyle = Automatic;
						TestTargetID = EBBC40F91DE0E2350028D589;
					};
					C91635071DE9CDA0006B3B8E = {
						CreatedOnToolsVersion = 8.0;
						ProvisioningStyle = Automatic;
						TestTargetID = EBBC40F91DE0E2350028D589;
					};
					EBBC40F91DE0E2350028D589 = {
						CreatedOnToolsVersion = 8.1;
						ProvisioningStyle = Automatic;
					};
				};
			};
			buildConfigurationList = EBBC40F51DE0E2350028D589 /* Build configuration list for PBXProject "FipeOfertas" */;
			compatibilityVersion = "Xcode 3.2";
			developmentRegion = English;
			hasScannedForEncodings = 0;
			knownRegions = (
				en,
				Base,
			);
			mainGroup = EBBC40F11DE0E2350028D589;
			productRefGroup = EBBC40FB1DE0E2350028D589 /* Products */;
			projectDirPath = "";
			projectRoot = "";
			targets = (
				EBBC40F91DE0E2350028D589 /* FipeOfertas */,
				C91635071DE9CDA0006B3B8E /* FipeOfertasTests */,
				C902A41C1DE9F15A00566F39 /* FipeOfertasUITests */,
			);
		};
/* End PBXProject section */

/* Begin PBXResourcesBuildPhase section */
		C902A41B1DE9F15A00566F39 /* Resources */ = {
			isa = PBXResourcesBuildPhase;
			buildActionMask = 2147483647;
			files = (
			);
			runOnlyForDeploymentPostprocessing = 0;
		};
		C91635061DE9CDA0006B3B8E /* Resources */ = {
			isa = PBXResourcesBuildPhase;
			buildActionMask = 2147483647;
			files = (
			);
			runOnlyForDeploymentPostprocessing = 0;
		};
		EBBC40F81DE0E2350028D589 /* Resources */ = {
			isa = PBXResourcesBuildPhase;
			buildActionMask = 2147483647;
			files = (
				EBBC41081DE0E2350028D589 /* LaunchScreen.storyboard in Resources */,
				EBBC41051DE0E2350028D589 /* Assets.xcassets in Resources */,
				C902A4281DE9F63C00566F39 /* fipeofertas.png in Resources */,
				EBBC41031DE0E2350028D589 /* Main.storyboard in Resources */,
			);
			runOnlyForDeploymentPostprocessing = 0;
		};
/* End PBXResourcesBuildPhase section */

/* Begin PBXShellScriptBuildPhase section */
		2382F5EA4B3EA0FE46D100F7 /* [CP] Copy Pods Resources */ = {
			isa = PBXShellScriptBuildPhase;
			buildActionMask = 2147483647;
			files = (
			);
			inputPaths = (
			);
			name = "[CP] Copy Pods Resources";
			outputPaths = (
			);
			runOnlyForDeploymentPostprocessing = 0;
			shellPath = /bin/sh;
			shellScript = "\"${SRCROOT}/Pods/Target Support Files/Pods-FipeOfertas/Pods-FipeOfertas-resources.sh\"\n";
			showEnvVarsInLog = 0;
		};
		D1959CEB8A0CAE0F18A7279F /* [CP] Check Pods Manifest.lock */ = {
			isa = PBXShellScriptBuildPhase;
			buildActionMask = 2147483647;
			files = (
			);
			inputPaths = (
			);
			name = "[CP] Check Pods Manifest.lock";
			outputPaths = (
			);
			runOnlyForDeploymentPostprocessing = 0;
			shellPath = /bin/sh;
			shellScript = "diff \"${PODS_ROOT}/../Podfile.lock\" \"${PODS_ROOT}/Manifest.lock\" > /dev/null\nif [ $? != 0 ] ; then\n    # print error to STDERR\n    echo \"error: The sandbox is not in sync with the Podfile.lock. Run 'pod install' or update your CocoaPods installation.\" >&2\n    exit 1\nfi\n";
			showEnvVarsInLog = 0;
		};
		EA6456234744866BEE88D9CA /* [CP] Embed Pods Frameworks */ = {
			isa = PBXShellScriptBuildPhase;
			buildActionMask = 2147483647;
			files = (
			);
			inputPaths = (
			);
			name = "[CP] Embed Pods Frameworks";
			outputPaths = (
			);
			runOnlyForDeploymentPostprocessing = 0;
			shellPath = /bin/sh;
			shellScript = "\"${SRCROOT}/Pods/Target Support Files/Pods-FipeOfertas/Pods-FipeOfertas-frameworks.sh\"\n";
			showEnvVarsInLog = 0;
		};
/* End PBXShellScriptBuildPhase section */

/* Begin PBXSourcesBuildPhase section */
		C902A4191DE9F15A00566F39 /* Sources */ = {
			isa = PBXSourcesBuildPhase;
			buildActionMask = 2147483647;
			files = (
				C902A4201DE9F15A00566F39 /* FipeOfertasUITests.swift in Sources */,
			);
			runOnlyForDeploymentPostprocessing = 0;
		};
		C91635041DE9CDA0006B3B8E /* Sources */ = {
			isa = PBXSourcesBuildPhase;
			buildActionMask = 2147483647;
			files = (
				C916350B1DE9CDA1006B3B8E /* FipeOfertasTests.swift in Sources */,
			);
			runOnlyForDeploymentPostprocessing = 0;
		};
		EBBC40F61DE0E2350028D589 /* Sources */ = {
			isa = PBXSourcesBuildPhase;
			buildActionMask = 2147483647;
			files = (
				EBBC41001DE0E2350028D589 /* ViewController.swift in Sources */,
				EB45FCC91DE273F3006A5CA8 /* VehicleManager.swift in Sources */,
				EBBC40FE1DE0E2350028D589 /* AppDelegate.swift in Sources */,
				EB45FCC71DE27154006A5CA8 /* Brand.swift in Sources */,
				EB45FCCF1DE28938006A5CA8 /* Vehicle.swift in Sources */,
				EB45FCCB1DE286B4006A5CA8 /* Model.swift in Sources */,
				EB45FCCD1DE28821006A5CA8 /* Type.swift in Sources */,
			);
			runOnlyForDeploymentPostprocessing = 0;
		};
/* End PBXSourcesBuildPhase section */

/* Begin PBXTargetDependency section */
		C902A4231DE9F15B00566F39 /* PBXTargetDependency */ = {
			isa = PBXTargetDependency;
			target = EBBC40F91DE0E2350028D589 /* FipeOfertas */;
			targetProxy = C902A4221DE9F15B00566F39 /* PBXContainerItemProxy */;
		};
		C916350E1DE9CDA1006B3B8E /* PBXTargetDependency */ = {
			isa = PBXTargetDependency;
			target = EBBC40F91DE0E2350028D589 /* FipeOfertas */;
			targetProxy = C916350D1DE9CDA1006B3B8E /* PBXContainerItemProxy */;
		};
/* End PBXTargetDependency section */

/* Begin PBXVariantGroup section */
		EBBC41011DE0E2350028D589 /* Main.storyboard */ = {
			isa = PBXVariantGroup;
			children = (
				EBBC41021DE0E2350028D589 /* Base */,
			);
			name = Main.storyboard;
			sourceTree = "<group>";
		};
		EBBC41061DE0E2350028D589 /* LaunchScreen.storyboard */ = {
			isa = PBXVariantGroup;
			children = (
				EBBC41071DE0E2350028D589 /* Base */,
			);
			name = LaunchScreen.storyboard;
			sourceTree = "<group>";
		};
/* End PBXVariantGroup section */

/* Begin XCBuildConfiguration section */
		C902A4241DE9F15B00566F39 /* Debug */ = {
			isa = XCBuildConfiguration;
			buildSettings = {
				INFOPLIST_FILE = FipeOfertasUITests/Info.plist;
				LD_RUNPATH_SEARCH_PATHS = "$(inherited) @executable_path/Frameworks @loader_path/Frameworks";
				PRODUCT_BUNDLE_IDENTIFIER = Com.BR.Dodo.FipeOfertasUITests;
				PRODUCT_NAME = "$(TARGET_NAME)";
				SWIFT_VERSION = 3.0;
				TEST_TARGET_NAME = FipeOfertas;
			};
			name = Debug;
		};
		C902A4251DE9F15B00566F39 /* Release */ = {
			isa = XCBuildConfiguration;
			buildSettings = {
				INFOPLIST_FILE = FipeOfertasUITests/Info.plist;
				LD_RUNPATH_SEARCH_PATHS = "$(inherited) @executable_path/Frameworks @loader_path/Frameworks";
				PRODUCT_BUNDLE_IDENTIFIER = Com.BR.Dodo.FipeOfertasUITests;
				PRODUCT_NAME = "$(TARGET_NAME)";
				SWIFT_VERSION = 3.0;
				TEST_TARGET_NAME = FipeOfertas;
			};
			name = Release;
		};
		C91635101DE9CDA1006B3B8E /* Debug */ = {
			isa = XCBuildConfiguration;
			buildSettings = {
				BUNDLE_LOADER = "$(TEST_HOST)";
				INFOPLIST_FILE = FipeOfertasTests/Info.plist;
				LD_RUNPATH_SEARCH_PATHS = "$(inherited) @executable_path/Frameworks @loader_path/Frameworks";
				PRODUCT_BUNDLE_IDENTIFIER = Com.BR.Dodo.FipeOfertasTests;
				PRODUCT_NAME = "$(TARGET_NAME)";
				SWIFT_VERSION = 3.0;
				TEST_HOST = "$(BUILT_PRODUCTS_DIR)/FipeOfertas.app/FipeOfertas";
			};
			name = Debug;
		};
		C91635111DE9CDA1006B3B8E /* Release */ = {
			isa = XCBuildConfiguration;
			buildSettings = {
				BUNDLE_LOADER = "$(TEST_HOST)";
				INFOPLIST_FILE = FipeOfertasTests/Info.plist;
				LD_RUNPATH_SEARCH_PATHS = "$(inherited) @executable_path/Frameworks @loader_path/Frameworks";
				PRODUCT_BUNDLE_IDENTIFIER = Com.BR.Dodo.FipeOfertasTests;
				PRODUCT_NAME = "$(TARGET_NAME)";
				SWIFT_VERSION = 3.0;
				TEST_HOST = "$(BUILT_PRODUCTS_DIR)/FipeOfertas.app/FipeOfertas";
			};
			name = Release;
		};
		EBBC410A1DE0E2350028D589 /* Debug */ = {
			isa = XCBuildConfiguration;
			buildSettings = {
				ALWAYS_SEARCH_USER_PATHS = NO;
				CLANG_ANALYZER_NONNULL = YES;
				CLANG_CXX_LANGUAGE_STANDARD = "gnu++0x";
				CLANG_CXX_LIBRARY = "libc++";
				CLANG_ENABLE_MODULES = YES;
				CLANG_ENABLE_OBJC_ARC = YES;
				CLANG_WARN_BOOL_CONVERSION = YES;
				CLANG_WARN_CONSTANT_CONVERSION = YES;
				CLANG_WARN_DIRECT_OBJC_ISA_USAGE = YES_ERROR;
				CLANG_WARN_DOCUMENTATION_COMMENTS = YES;
				CLANG_WARN_EMPTY_BODY = YES;
				CLANG_WARN_ENUM_CONVERSION = YES;
				CLANG_WARN_INFINITE_RECURSION = YES;
				CLANG_WARN_INT_CONVERSION = YES;
				CLANG_WARN_OBJC_ROOT_CLASS = YES_ERROR;
				CLANG_WARN_SUSPICIOUS_MOVE = YES;
				CLANG_WARN_SUSPICIOUS_MOVES = YES;
				CLANG_WARN_UNREACHABLE_CODE = YES;
				CLANG_WARN__DUPLICATE_METHOD_MATCH = YES;
				"CODE_SIGN_IDENTITY[sdk=iphoneos*]" = "iPhone Developer";
				COPY_PHASE_STRIP = NO;
				DEBUG_INFORMATION_FORMAT = dwarf;
				ENABLE_STRICT_OBJC_MSGSEND = YES;
				ENABLE_TESTABILITY = YES;
				GCC_C_LANGUAGE_STANDARD = gnu99;
				GCC_DYNAMIC_NO_PIC = NO;
				GCC_NO_COMMON_BLOCKS = YES;
				GCC_OPTIMIZATION_LEVEL = 0;
				GCC_PREPROCESSOR_DEFINITIONS = (
					"DEBUG=1",
					"$(inherited)",
				);
				GCC_WARN_64_TO_32_BIT_CONVERSION = YES;
				GCC_WARN_ABOUT_RETURN_TYPE = YES_ERROR;
				GCC_WARN_UNDECLARED_SELECTOR = YES;
				GCC_WARN_UNINITIALIZED_AUTOS = YES_AGGRESSIVE;
				GCC_WARN_UNUSED_FUNCTION = YES;
				GCC_WARN_UNUSED_VARIABLE = YES;
				IPHONEOS_DEPLOYMENT_TARGET = 10.0;
				MTL_ENABLE_DEBUG_INFO = YES;
				ONLY_ACTIVE_ARCH = YES;
				SDKROOT = iphoneos;
				SWIFT_ACTIVE_COMPILATION_CONDITIONS = DEBUG;
				SWIFT_OPTIMIZATION_LEVEL = "-Onone";
				TARGETED_DEVICE_FAMILY = "1,2";
			};
			name = Debug;
		};
		EBBC410B1DE0E2350028D589 /* Release */ = {
			isa = XCBuildConfiguration;
			buildSettings = {
				ALWAYS_SEARCH_USER_PATHS = NO;
				CLANG_ANALYZER_NONNULL = YES;
				CLANG_CXX_LANGUAGE_STANDARD = "gnu++0x";
				CLANG_CXX_LIBRARY = "libc++";
				CLANG_ENABLE_MODULES = YES;
				CLANG_ENABLE_OBJC_ARC = YES;
				CLANG_WARN_BOOL_CONVERSION = YES;
				CLANG_WARN_CONSTANT_CONVERSION = YES;
				CLANG_WARN_DIRECT_OBJC_ISA_USAGE = YES_ERROR;
				CLANG_WARN_DOCUMENTATION_COMMENTS = YES;
				CLANG_WARN_EMPTY_BODY = YES;
				CLANG_WARN_ENUM_CONVERSION = YES;
				CLANG_WARN_INFINITE_RECURSION = YES;
				CLANG_WARN_INT_CONVERSION = YES;
				CLANG_WARN_OBJC_ROOT_CLASS = YES_ERROR;
				CLANG_WARN_SUSPICIOUS_MOVE = YES;
				CLANG_WARN_SUSPICIOUS_MOVES = YES;
				CLANG_WARN_UNREACHABLE_CODE = YES;
				CLANG_WARN__DUPLICATE_METHOD_MATCH = YES;
				"CODE_SIGN_IDENTITY[sdk=iphoneos*]" = "iPhone Developer";
				COPY_PHASE_STRIP = NO;
				DEBUG_INFORMATION_FORMAT = "dwarf-with-dsym";
				ENABLE_NS_ASSERTIONS = NO;
				ENABLE_STRICT_OBJC_MSGSEND = YES;
				GCC_C_LANGUAGE_STANDARD = gnu99;
				GCC_NO_COMMON_BLOCKS = YES;
				GCC_WARN_64_TO_32_BIT_CONVERSION = YES;
				GCC_WARN_ABOUT_RETURN_TYPE = YES_ERROR;
				GCC_WARN_UNDECLARED_SELECTOR = YES;
				GCC_WARN_UNINITIALIZED_AUTOS = YES_AGGRESSIVE;
				GCC_WARN_UNUSED_FUNCTION = YES;
				GCC_WARN_UNUSED_VARIABLE = YES;
				IPHONEOS_DEPLOYMENT_TARGET = 10.0;
				MTL_ENABLE_DEBUG_INFO = NO;
				SDKROOT = iphoneos;
				SWIFT_OPTIMIZATION_LEVEL = "-Owholemodule";
				TARGETED_DEVICE_FAMILY = "1,2";
				VALIDATE_PRODUCT = YES;
			};
			name = Release;
		};
		EBBC410D1DE0E2350028D589 /* Debug */ = {
			isa = XCBuildConfiguration;
			baseConfigurationReference = A8C7914A703A1D246C708377 /* Pods-FipeOfertas.debug.xcconfig */;
			buildSettings = {
				ALWAYS_EMBED_SWIFT_STANDARD_LIBRARIES = YES;
				ASSETCATALOG_COMPILER_APPICON_NAME = AppIcon;
				DEVELOPMENT_TEAM = "";
				INFOPLIST_FILE = FipeOfertas/Info.plist;
				IPHONEOS_DEPLOYMENT_TARGET = 10.0;
				LD_RUNPATH_SEARCH_PATHS = "$(inherited) @executable_path/Frameworks";
				PRODUCT_BUNDLE_IDENTIFIER = com.senacrs.edm.FipeOfertas;
				PRODUCT_NAME = "$(TARGET_NAME)";
				SWIFT_VERSION = 3.0;
			};
			name = Debug;
		};
		EBBC410E1DE0E2350028D589 /* Release */ = {
			isa = XCBuildConfiguration;
			baseConfigurationReference = B7F7DB052898F8D2D132C91F /* Pods-FipeOfertas.release.xcconfig */;
			buildSettings = {
				ALWAYS_EMBED_SWIFT_STANDARD_LIBRARIES = YES;
				ASSETCATALOG_COMPILER_APPICON_NAME = AppIcon;
				DEVELOPMENT_TEAM = "";
				INFOPLIST_FILE = FipeOfertas/Info.plist;
				IPHONEOS_DEPLOYMENT_TARGET = 10.0;
				LD_RUNPATH_SEARCH_PATHS = "$(inherited) @executable_path/Frameworks";
				PRODUCT_BUNDLE_IDENTIFIER = com.senacrs.edm.FipeOfertas;
				PRODUCT_NAME = "$(TARGET_NAME)";
				SWIFT_VERSION = 3.0;
			};
			name = Release;
		};
/* End XCBuildConfiguration section */

/* Begin XCConfigurationList section */
		C902A4261DE9F15B00566F39 /* Build configuration list for PBXNativeTarget "FipeOfertasUITests" */ = {
			isa = XCConfigurationList;
			buildConfigurations = (
				C902A4241DE9F15B00566F39 /* Debug */,
				C902A4251DE9F15B00566F39 /* Release */,
			);
			defaultConfigurationIsVisible = 0;
		};
		C916350F1DE9CDA1006B3B8E /* Build configuration list for PBXNativeTarget "FipeOfertasTests" */ = {
			isa = XCConfigurationList;
			buildConfigurations = (
				C91635101DE9CDA1006B3B8E /* Debug */,
				C91635111DE9CDA1006B3B8E /* Release */,
			);
			defaultConfigurationIsVisible = 0;
			defaultConfigurationName = Release;
		};
		EBBC40F51DE0E2350028D589 /* Build configuration list for PBXProject "FipeOfertas" */ = {
			isa = XCConfigurationList;
			buildConfigurations = (
				EBBC410A1DE0E2350028D589 /* Debug */,
				EBBC410B1DE0E2350028D589 /* Release */,
			);
			defaultConfigurationIsVisible = 0;
			defaultConfigurationName = Release;
		};
		EBBC410C1DE0E2350028D589 /* Build configuration list for PBXNativeTarget "FipeOfertas" */ = {
			isa = XCConfigurationList;
			buildConfigurations = (
				EBBC410D1DE0E2350028D589 /* Debug */,
				EBBC410E1DE0E2350028D589 /* Release */,
			);
			defaultConfigurationIsVisible = 0;
			defaultConfigurationName = Release;
		};
/* End XCConfigurationList section */
	};
	rootObject = EBBC40F21DE0E2350028D589 /* Project object */;
}
