// !$*UTF8*$!
{
	archiveVersion = 1;
	classes = {
	};
	objectVersion = 46;
	objects = {

/* Begin PBXBuildFile section */
		047DE6F697274CB03AD6F0FE /* Pods_FipeOfertas_FipeOfertasTests.framework in Frameworks */ = {isa = PBXBuildFile; fileRef = 9956E0FA81B7114D27AEAF93 /* Pods_FipeOfertas_FipeOfertasTests.framework */; };
		337C0D2D62B4AAF9779D58C4 /* Pods_FipeOfertas.framework in Frameworks */ = {isa = PBXBuildFile; fileRef = 246A7A0CEE3B6859CD04F376 /* Pods_FipeOfertas.framework */; };
		5D19CD031DC4AFD5B6543A41 /* Pods_FipeOfertas_FipeOfertasUITests.framework in Frameworks */ = {isa = PBXBuildFile; fileRef = B00ECDD3597D7BDF10D4428D /* Pods_FipeOfertas_FipeOfertasUITests.framework */; };
		C934C11B1DF2F27C00427E20 /* FipeOfertasTests.swift in Sources */ = {isa = PBXBuildFile; fileRef = C934C11A1DF2F27C00427E20 /* FipeOfertasTests.swift */; };
		C934C1291DF2F28600427E20 /* FipeOfertasUITests.swift in Sources */ = {isa = PBXBuildFile; fileRef = C934C1281DF2F28600427E20 /* FipeOfertasUITests.swift */; };
		C99242571DFC58780068D5E4 /* MarcaViewController.swift in Sources */ = {isa = PBXBuildFile; fileRef = C99242511DFC58780068D5E4 /* MarcaViewController.swift */; };
		C99242581DFC58780068D5E4 /* MarcaViewController.swift in Sources */ = {isa = PBXBuildFile; fileRef = C99242511DFC58780068D5E4 /* MarcaViewController.swift */; };
		C99242591DFC58780068D5E4 /* MarcaViewController.swift in Sources */ = {isa = PBXBuildFile; fileRef = C99242511DFC58780068D5E4 /* MarcaViewController.swift */; };
		C992425A1DFC58780068D5E4 /* ModeloViewController.swift in Sources */ = {isa = PBXBuildFile; fileRef = C99242521DFC58780068D5E4 /* ModeloViewController.swift */; };
		C992425B1DFC58780068D5E4 /* ModeloViewController.swift in Sources */ = {isa = PBXBuildFile; fileRef = C99242521DFC58780068D5E4 /* ModeloViewController.swift */; };
		C992425C1DFC58780068D5E4 /* ModeloViewController.swift in Sources */ = {isa = PBXBuildFile; fileRef = C99242521DFC58780068D5E4 /* ModeloViewController.swift */; };
		C992425D1DFC58780068D5E4 /* TiposViewController.swift in Sources */ = {isa = PBXBuildFile; fileRef = C99242531DFC58780068D5E4 /* TiposViewController.swift */; };
		C992425E1DFC58780068D5E4 /* TiposViewController.swift in Sources */ = {isa = PBXBuildFile; fileRef = C99242531DFC58780068D5E4 /* TiposViewController.swift */; };
		C992425F1DFC58780068D5E4 /* TiposViewController.swift in Sources */ = {isa = PBXBuildFile; fileRef = C99242531DFC58780068D5E4 /* TiposViewController.swift */; };
		C99242601DFC58780068D5E4 /* VeiculoViewController.swift in Sources */ = {isa = PBXBuildFile; fileRef = C99242541DFC58780068D5E4 /* VeiculoViewController.swift */; };
		C99242611DFC58780068D5E4 /* VeiculoViewController.swift in Sources */ = {isa = PBXBuildFile; fileRef = C99242541DFC58780068D5E4 /* VeiculoViewController.swift */; };
		C99242621DFC58780068D5E4 /* VeiculoViewController.swift in Sources */ = {isa = PBXBuildFile; fileRef = C99242541DFC58780068D5E4 /* VeiculoViewController.swift */; };
		C99242631DFC58780068D5E4 /* ViewController.swift in Sources */ = {isa = PBXBuildFile; fileRef = C99242551DFC58780068D5E4 /* ViewController.swift */; };
		C99242641DFC58780068D5E4 /* ViewController.swift in Sources */ = {isa = PBXBuildFile; fileRef = C99242551DFC58780068D5E4 /* ViewController.swift */; };
		C99242651DFC58780068D5E4 /* ViewController.swift in Sources */ = {isa = PBXBuildFile; fileRef = C99242551DFC58780068D5E4 /* ViewController.swift */; };
		C99242661DFC58780068D5E4 /* ViewControllerUtils.swift in Sources */ = {isa = PBXBuildFile; fileRef = C99242561DFC58780068D5E4 /* ViewControllerUtils.swift */; };
		C99242671DFC58780068D5E4 /* ViewControllerUtils.swift in Sources */ = {isa = PBXBuildFile; fileRef = C99242561DFC58780068D5E4 /* ViewControllerUtils.swift */; };
		C99242681DFC58780068D5E4 /* ViewControllerUtils.swift in Sources */ = {isa = PBXBuildFile; fileRef = C99242561DFC58780068D5E4 /* ViewControllerUtils.swift */; };
		C992426E1DFC58B50068D5E4 /* Brand.swift in Sources */ = {isa = PBXBuildFile; fileRef = C99242691DFC58B50068D5E4 /* Brand.swift */; };
		C992426F1DFC58B50068D5E4 /* Brand.swift in Sources */ = {isa = PBXBuildFile; fileRef = C99242691DFC58B50068D5E4 /* Brand.swift */; };
		C99242701DFC58B50068D5E4 /* Brand.swift in Sources */ = {isa = PBXBuildFile; fileRef = C99242691DFC58B50068D5E4 /* Brand.swift */; };
		C99242711DFC58B50068D5E4 /* Model.swift in Sources */ = {isa = PBXBuildFile; fileRef = C992426A1DFC58B50068D5E4 /* Model.swift */; };
		C99242721DFC58B50068D5E4 /* Model.swift in Sources */ = {isa = PBXBuildFile; fileRef = C992426A1DFC58B50068D5E4 /* Model.swift */; };
		C99242731DFC58B50068D5E4 /* Model.swift in Sources */ = {isa = PBXBuildFile; fileRef = C992426A1DFC58B50068D5E4 /* Model.swift */; };
		C99242741DFC58B50068D5E4 /* Type.swift in Sources */ = {isa = PBXBuildFile; fileRef = C992426B1DFC58B50068D5E4 /* Type.swift */; };
		C99242751DFC58B50068D5E4 /* Type.swift in Sources */ = {isa = PBXBuildFile; fileRef = C992426B1DFC58B50068D5E4 /* Type.swift */; };
		C99242761DFC58B50068D5E4 /* Type.swift in Sources */ = {isa = PBXBuildFile; fileRef = C992426B1DFC58B50068D5E4 /* Type.swift */; };
		C99242771DFC58B50068D5E4 /* Vehicle.swift in Sources */ = {isa = PBXBuildFile; fileRef = C992426C1DFC58B50068D5E4 /* Vehicle.swift */; };
		C99242781DFC58B50068D5E4 /* Vehicle.swift in Sources */ = {isa = PBXBuildFile; fileRef = C992426C1DFC58B50068D5E4 /* Vehicle.swift */; };
		C99242791DFC58B50068D5E4 /* Vehicle.swift in Sources */ = {isa = PBXBuildFile; fileRef = C992426C1DFC58B50068D5E4 /* Vehicle.swift */; };
		C992427A1DFC58B50068D5E4 /* VehicleManager.swift in Sources */ = {isa = PBXBuildFile; fileRef = C992426D1DFC58B50068D5E4 /* VehicleManager.swift */; };
		C992427B1DFC58B50068D5E4 /* VehicleManager.swift in Sources */ = {isa = PBXBuildFile; fileRef = C992426D1DFC58B50068D5E4 /* VehicleManager.swift */; };
		C992427C1DFC58B50068D5E4 /* VehicleManager.swift in Sources */ = {isa = PBXBuildFile; fileRef = C992426D1DFC58B50068D5E4 /* VehicleManager.swift */; };
		C992427E1DFC67640068D5E4 /* Extensions.swift in Sources */ = {isa = PBXBuildFile; fileRef = C992427D1DFC67640068D5E4 /* Extensions.swift */; };
		C992427F1DFC67640068D5E4 /* Extensions.swift in Sources */ = {isa = PBXBuildFile; fileRef = C992427D1DFC67640068D5E4 /* Extensions.swift */; };
		C99242801DFC67640068D5E4 /* Extensions.swift in Sources */ = {isa = PBXBuildFile; fileRef = C992427D1DFC67640068D5E4 /* Extensions.swift */; };
		C9A5C91F1E034C2700B9E197 /* Offer.swift in Sources */ = {isa = PBXBuildFile; fileRef = C9A5C91E1E034C2700B9E197 /* Offer.swift */; };
		C9A5C9201E034C2700B9E197 /* Offer.swift in Sources */ = {isa = PBXBuildFile; fileRef = C9A5C91E1E034C2700B9E197 /* Offer.swift */; };
		C9A5C9211E034C2700B9E197 /* Offer.swift in Sources */ = {isa = PBXBuildFile; fileRef = C9A5C91E1E034C2700B9E197 /* Offer.swift */; };
		C9A5C9231E034C5200B9E197 /* OfertaViewController.swift in Sources */ = {isa = PBXBuildFile; fileRef = C9A5C9221E034C5200B9E197 /* OfertaViewController.swift */; };
		C9A5C9241E034C5200B9E197 /* OfertaViewController.swift in Sources */ = {isa = PBXBuildFile; fileRef = C9A5C9221E034C5200B9E197 /* OfertaViewController.swift */; };
		C9A5C9251E034C5200B9E197 /* OfertaViewController.swift in Sources */ = {isa = PBXBuildFile; fileRef = C9A5C9221E034C5200B9E197 /* OfertaViewController.swift */; };
		C9A5C9271E034CA200B9E197 /* ShowOfertaViewController.swift in Sources */ = {isa = PBXBuildFile; fileRef = C9A5C9261E034CA200B9E197 /* ShowOfertaViewController.swift */; };
		C9A5C9281E034CA200B9E197 /* ShowOfertaViewController.swift in Sources */ = {isa = PBXBuildFile; fileRef = C9A5C9261E034CA200B9E197 /* ShowOfertaViewController.swift */; };
		C9A5C9291E034CA200B9E197 /* ShowOfertaViewController.swift in Sources */ = {isa = PBXBuildFile; fileRef = C9A5C9261E034CA200B9E197 /* ShowOfertaViewController.swift */; };
		C9C79AD91DED1023002DB6AF /* fipeofertas.png in Resources */ = {isa = PBXBuildFile; fileRef = C9C79AD61DED1023002DB6AF /* fipeofertas.png */; };
		C9C79ADA1DED1023002DB6AF /* ic_attach_money.png in Resources */ = {isa = PBXBuildFile; fileRef = C9C79AD71DED1023002DB6AF /* ic_attach_money.png */; };
		C9C79ADB1DED1023002DB6AF /* ic_favorite_border.png in Resources */ = {isa = PBXBuildFile; fileRef = C9C79AD81DED1023002DB6AF /* ic_favorite_border.png */; };
		C9C79ADD1DED111A002DB6AF /* ic_filter_list.png in Resources */ = {isa = PBXBuildFile; fileRef = C9C79ADC1DED111A002DB6AF /* ic_filter_list.png */; };
		EBBC40FE1DE0E2350028D589 /* AppDelegate.swift in Sources */ = {isa = PBXBuildFile; fileRef = EBBC40FD1DE0E2350028D589 /* AppDelegate.swift */; };
		EBBC41031DE0E2350028D589 /* Main.storyboard in Resources */ = {isa = PBXBuildFile; fileRef = EBBC41011DE0E2350028D589 /* Main.storyboard */; };
		EBBC41051DE0E2350028D589 /* Assets.xcassets in Resources */ = {isa = PBXBuildFile; fileRef = EBBC41041DE0E2350028D589 /* Assets.xcassets */; };
		EBBC41081DE0E2350028D589 /* LaunchScreen.storyboard in Resources */ = {isa = PBXBuildFile; fileRef = EBBC41061DE0E2350028D589 /* LaunchScreen.storyboard */; };
/* End PBXBuildFile section */

/* Begin PBXContainerItemProxy section */
		C934C11D1DF2F27C00427E20 /* PBXContainerItemProxy */ = {
			isa = PBXContainerItemProxy;
			containerPortal = EBBC40F21DE0E2350028D589 /* Project object */;
			proxyType = 1;
			remoteGlobalIDString = EBBC40F91DE0E2350028D589;
			remoteInfo = FipeOfertas;
		};
		C934C12B1DF2F28600427E20 /* PBXContainerItemProxy */ = {
			isa = PBXContainerItemProxy;
			containerPortal = EBBC40F21DE0E2350028D589 /* Project object */;
			proxyType = 1;
			remoteGlobalIDString = EBBC40F91DE0E2350028D589;
			remoteInfo = FipeOfertas;
		};
/* End PBXContainerItemProxy section */

/* Begin PBXFileReference section */
		246A7A0CEE3B6859CD04F376 /* Pods_FipeOfertas.framework */ = {isa = PBXFileReference; explicitFileType = wrapper.framework; includeInIndex = 0; path = Pods_FipeOfertas.framework; sourceTree = BUILT_PRODUCTS_DIR; };
		281AC2197C3527C716643CCD /* Pods-FipeOfertas-FipeOfertasUITests.release.xcconfig */ = {isa = PBXFileReference; includeInIndex = 1; lastKnownFileType = text.xcconfig; name = "Pods-FipeOfertas-FipeOfertasUITests.release.xcconfig"; path = "Pods/Target Support Files/Pods-FipeOfertas-FipeOfertasUITests/Pods-FipeOfertas-FipeOfertasUITests.release.xcconfig"; sourceTree = "<group>"; };
		528B40B014AEB1C41FE788CE /* Pods-FipeOfertas-FipeOfertasUITests.debug.xcconfig */ = {isa = PBXFileReference; includeInIndex = 1; lastKnownFileType = text.xcconfig; name = "Pods-FipeOfertas-FipeOfertasUITests.debug.xcconfig"; path = "Pods/Target Support Files/Pods-FipeOfertas-FipeOfertasUITests/Pods-FipeOfertas-FipeOfertasUITests.debug.xcconfig"; sourceTree = "<group>"; };
		67B8748F12FA7F22B9D63632 /* Pods-FipeOfertas-FipeOfertasTests.release.xcconfig */ = {isa = PBXFileReference; includeInIndex = 1; lastKnownFileType = text.xcconfig; name = "Pods-FipeOfertas-FipeOfertasTests.release.xcconfig"; path = "Pods/Target Support Files/Pods-FipeOfertas-FipeOfertasTests/Pods-FipeOfertas-FipeOfertasTests.release.xcconfig"; sourceTree = "<group>"; };
		9956E0FA81B7114D27AEAF93 /* Pods_FipeOfertas_FipeOfertasTests.framework */ = {isa = PBXFileReference; explicitFileType = wrapper.framework; includeInIndex = 0; path = Pods_FipeOfertas_FipeOfertasTests.framework; sourceTree = BUILT_PRODUCTS_DIR; };
		A8C7914A703A1D246C708377 /* Pods-FipeOfertas.debug.xcconfig */ = {isa = PBXFileReference; includeInIndex = 1; lastKnownFileType = text.xcconfig; name = "Pods-FipeOfertas.debug.xcconfig"; path = "Pods/Target Support Files/Pods-FipeOfertas/Pods-FipeOfertas.debug.xcconfig"; sourceTree = "<group>"; };
		B00ECDD3597D7BDF10D4428D /* Pods_FipeOfertas_FipeOfertasUITests.framework */ = {isa = PBXFileReference; explicitFileType = wrapper.framework; includeInIndex = 0; path = Pods_FipeOfertas_FipeOfertasUITests.framework; sourceTree = BUILT_PRODUCTS_DIR; };
		B7F7DB052898F8D2D132C91F /* Pods-FipeOfertas.release.xcconfig */ = {isa = PBXFileReference; includeInIndex = 1; lastKnownFileType = text.xcconfig; name = "Pods-FipeOfertas.release.xcconfig"; path = "Pods/Target Support Files/Pods-FipeOfertas/Pods-FipeOfertas.release.xcconfig"; sourceTree = "<group>"; };
		C1C468735BF9F95CA004289F /* Pods-FipeOfertas-FipeOfertasTests.debug.xcconfig */ = {isa = PBXFileReference; includeInIndex = 1; lastKnownFileType = text.xcconfig; name = "Pods-FipeOfertas-FipeOfertasTests.debug.xcconfig"; path = "Pods/Target Support Files/Pods-FipeOfertas-FipeOfertasTests/Pods-FipeOfertas-FipeOfertasTests.debug.xcconfig"; sourceTree = "<group>"; };
		C934C1181DF2F27C00427E20 /* FipeOfertasTests.xctest */ = {isa = PBXFileReference; explicitFileType = wrapper.cfbundle; includeInIndex = 0; path = FipeOfertasTests.xctest; sourceTree = BUILT_PRODUCTS_DIR; };
		C934C11A1DF2F27C00427E20 /* FipeOfertasTests.swift */ = {isa = PBXFileReference; lastKnownFileType = sourcecode.swift; path = FipeOfertasTests.swift; sourceTree = "<group>"; };
		C934C11C1DF2F27C00427E20 /* Info.plist */ = {isa = PBXFileReference; lastKnownFileType = text.plist.xml; path = Info.plist; sourceTree = "<group>"; };
		C934C1261DF2F28500427E20 /* FipeOfertasUITests.xctest */ = {isa = PBXFileReference; explicitFileType = wrapper.cfbundle; includeInIndex = 0; path = FipeOfertasUITests.xctest; sourceTree = BUILT_PRODUCTS_DIR; };
		C934C1281DF2F28600427E20 /* FipeOfertasUITests.swift */ = {isa = PBXFileReference; lastKnownFileType = sourcecode.swift; path = FipeOfertasUITests.swift; sourceTree = "<group>"; };
		C934C12A1DF2F28600427E20 /* Info.plist */ = {isa = PBXFileReference; lastKnownFileType = text.plist.xml; path = Info.plist; sourceTree = "<group>"; };
		C99242511DFC58780068D5E4 /* MarcaViewController.swift */ = {isa = PBXFileReference; fileEncoding = 4; lastKnownFileType = sourcecode.swift; path = MarcaViewController.swift; sourceTree = "<group>"; };
		C99242521DFC58780068D5E4 /* ModeloViewController.swift */ = {isa = PBXFileReference; fileEncoding = 4; lastKnownFileType = sourcecode.swift; path = ModeloViewController.swift; sourceTree = "<group>"; };
		C99242531DFC58780068D5E4 /* TiposViewController.swift */ = {isa = PBXFileReference; fileEncoding = 4; lastKnownFileType = sourcecode.swift; path = TiposViewController.swift; sourceTree = "<group>"; };
		C99242541DFC58780068D5E4 /* VeiculoViewController.swift */ = {isa = PBXFileReference; fileEncoding = 4; lastKnownFileType = sourcecode.swift; path = VeiculoViewController.swift; sourceTree = "<group>"; };
		C99242551DFC58780068D5E4 /* ViewController.swift */ = {isa = PBXFileReference; fileEncoding = 4; lastKnownFileType = sourcecode.swift; path = ViewController.swift; sourceTree = "<group>"; };
		C99242561DFC58780068D5E4 /* ViewControllerUtils.swift */ = {isa = PBXFileReference; fileEncoding = 4; lastKnownFileType = sourcecode.swift; path = ViewControllerUtils.swift; sourceTree = "<group>"; };
		C99242691DFC58B50068D5E4 /* Brand.swift */ = {isa = PBXFileReference; fileEncoding = 4; lastKnownFileType = sourcecode.swift; path = Brand.swift; sourceTree = "<group>"; };
		C992426A1DFC58B50068D5E4 /* Model.swift */ = {isa = PBXFileReference; fileEncoding = 4; lastKnownFileType = sourcecode.swift; path = Model.swift; sourceTree = "<group>"; };
		C992426B1DFC58B50068D5E4 /* Type.swift */ = {isa = PBXFileReference; fileEncoding = 4; lastKnownFileType = sourcecode.swift; path = Type.swift; sourceTree = "<group>"; };
		C992426C1DFC58B50068D5E4 /* Vehicle.swift */ = {isa = PBXFileReference; fileEncoding = 4; lastKnownFileType = sourcecode.swift; path = Vehicle.swift; sourceTree = "<group>"; };
		C992426D1DFC58B50068D5E4 /* VehicleManager.swift */ = {isa = PBXFileReference; fileEncoding = 4; lastKnownFileType = sourcecode.swift; path = VehicleManager.swift; sourceTree = "<group>"; };
		C992427D1DFC67640068D5E4 /* Extensions.swift */ = {isa = PBXFileReference; fileEncoding = 4; lastKnownFileType = sourcecode.swift; path = Extensions.swift; sourceTree = "<group>"; };
		C9A5C91E1E034C2700B9E197 /* Offer.swift */ = {isa = PBXFileReference; fileEncoding = 4; lastKnownFileType = sourcecode.swift; path = Offer.swift; sourceTree = "<group>"; };
		C9A5C9221E034C5200B9E197 /* OfertaViewController.swift */ = {isa = PBXFileReference; fileEncoding = 4; lastKnownFileType = sourcecode.swift; path = OfertaViewController.swift; sourceTree = "<group>"; };
		C9A5C9261E034CA200B9E197 /* ShowOfertaViewController.swift */ = {isa = PBXFileReference; fileEncoding = 4; lastKnownFileType = sourcecode.swift; path = ShowOfertaViewController.swift; sourceTree = "<group>"; };
		C9C79AD61DED1023002DB6AF /* fipeofertas.png */ = {isa = PBXFileReference; lastKnownFileType = image.png; path = fipeofertas.png; sourceTree = SOURCE_ROOT; };
		C9C79AD71DED1023002DB6AF /* ic_attach_money.png */ = {isa = PBXFileReference; lastKnownFileType = image.png; path = ic_attach_money.png; sourceTree = SOURCE_ROOT; };
		C9C79AD81DED1023002DB6AF /* ic_favorite_border.png */ = {isa = PBXFileReference; lastKnownFileType = image.png; path = ic_favorite_border.png; sourceTree = SOURCE_ROOT; };
		C9C79ADC1DED111A002DB6AF /* ic_filter_list.png */ = {isa = PBXFileReference; lastKnownFileType = image.png; path = ic_filter_list.png; sourceTree = SOURCE_ROOT; };
		EBBC40FA1DE0E2350028D589 /* FipeOfertas.app */ = {isa = PBXFileReference; explicitFileType = wrapper.application; includeInIndex = 0; path = FipeOfertas.app; sourceTree = BUILT_PRODUCTS_DIR; };
		EBBC40FD1DE0E2350028D589 /* AppDelegate.swift */ = {isa = PBXFileReference; lastKnownFileType = sourcecode.swift; path = AppDelegate.swift; sourceTree = "<group>"; };
		EBBC41021DE0E2350028D589 /* Base */ = {isa = PBXFileReference; lastKnownFileType = file.storyboard; name = Base; path = Base.lproj/Main.storyboard; sourceTree = "<group>"; };
		EBBC41041DE0E2350028D589 /* Assets.xcassets */ = {isa = PBXFileReference; lastKnownFileType = folder.assetcatalog; path = Assets.xcassets; sourceTree = "<group>"; };
		EBBC41071DE0E2350028D589 /* Base */ = {isa = PBXFileReference; lastKnownFileType = file.storyboard; name = Base; path = Base.lproj/LaunchScreen.storyboard; sourceTree = "<group>"; };
		EBBC41091DE0E2350028D589 /* Info.plist */ = {isa = PBXFileReference; lastKnownFileType = text.plist.xml; path = Info.plist; sourceTree = "<group>"; };
/* End PBXFileReference section */

/* Begin PBXFrameworksBuildPhase section */
		C934C1151DF2F27C00427E20 /* Frameworks */ = {
			isa = PBXFrameworksBuildPhase;
			buildActionMask = 2147483647;
			files = (
				047DE6F697274CB03AD6F0FE /* Pods_FipeOfertas_FipeOfertasTests.framework in Frameworks */,
			);
			runOnlyForDeploymentPostprocessing = 0;
		};
		C934C1231DF2F28500427E20 /* Frameworks */ = {
			isa = PBXFrameworksBuildPhase;
			buildActionMask = 2147483647;
			files = (
				5D19CD031DC4AFD5B6543A41 /* Pods_FipeOfertas_FipeOfertasUITests.framework in Frameworks */,
			);
			runOnlyForDeploymentPostprocessing = 0;
		};
		EBBC40F71DE0E2350028D589 /* Frameworks */ = {
			isa = PBXFrameworksBuildPhase;
			buildActionMask = 2147483647;
			files = (
				337C0D2D62B4AAF9779D58C4 /* Pods_FipeOfertas.framework in Frameworks */,
			);
			runOnlyForDeploymentPostprocessing = 0;
		};
/* End PBXFrameworksBuildPhase section */

/* Begin PBXGroup section */
		889E3E268CFF559E24C6367B /* Pods */ = {
			isa = PBXGroup;
			children = (
				A8C7914A703A1D246C708377 /* Pods-FipeOfertas.debug.xcconfig */,
				B7F7DB052898F8D2D132C91F /* Pods-FipeOfertas.release.xcconfig */,
				528B40B014AEB1C41FE788CE /* Pods-FipeOfertas-FipeOfertasUITests.debug.xcconfig */,
				281AC2197C3527C716643CCD /* Pods-FipeOfertas-FipeOfertasUITests.release.xcconfig */,
				C1C468735BF9F95CA004289F /* Pods-FipeOfertas-FipeOfertasTests.debug.xcconfig */,
				67B8748F12FA7F22B9D63632 /* Pods-FipeOfertas-FipeOfertasTests.release.xcconfig */,
			);
			name = Pods;
			sourceTree = "<group>";
		};
		8C91602A3619A83C9CDEA4BD /* Frameworks */ = {
			isa = PBXGroup;
			children = (
				246A7A0CEE3B6859CD04F376 /* Pods_FipeOfertas.framework */,
				B00ECDD3597D7BDF10D4428D /* Pods_FipeOfertas_FipeOfertasUITests.framework */,
				9956E0FA81B7114D27AEAF93 /* Pods_FipeOfertas_FipeOfertasTests.framework */,
			);
			name = Frameworks;
			sourceTree = "<group>";
		};
		C934C1191DF2F27C00427E20 /* FipeOfertasTests */ = {
			isa = PBXGroup;
			children = (
				C934C11A1DF2F27C00427E20 /* FipeOfertasTests.swift */,
				C934C11C1DF2F27C00427E20 /* Info.plist */,
			);
			path = FipeOfertasTests;
			sourceTree = "<group>";
		};
		C934C1271DF2F28600427E20 /* FipeOfertasUITests */ = {
			isa = PBXGroup;
			children = (
				C934C1281DF2F28600427E20 /* FipeOfertasUITests.swift */,
				C934C12A1DF2F28600427E20 /* Info.plist */,
			);
			path = FipeOfertasUITests;
			sourceTree = "<group>";
		};
		C938F6801DEC8F4600D6AB01 /* Images */ = {
			isa = PBXGroup;
			children = (
				C9C79ADC1DED111A002DB6AF /* ic_filter_list.png */,
				C9C79AD61DED1023002DB6AF /* fipeofertas.png */,
				C9C79AD71DED1023002DB6AF /* ic_attach_money.png */,
				C9C79AD81DED1023002DB6AF /* ic_favorite_border.png */,
			);
			name = Images;
			sourceTree = "<group>";
		};
		EBBC40F11DE0E2350028D589 = {
			isa = PBXGroup;
			children = (
				EBBC40FC1DE0E2350028D589 /* FipeOfertas */,
				C934C1191DF2F27C00427E20 /* FipeOfertasTests */,
				C934C1271DF2F28600427E20 /* FipeOfertasUITests */,
				EBBC40FB1DE0E2350028D589 /* Products */,
				889E3E268CFF559E24C6367B /* Pods */,
				8C91602A3619A83C9CDEA4BD /* Frameworks */,
			);
			sourceTree = "<group>";
		};
		EBBC40FB1DE0E2350028D589 /* Products */ = {
			isa = PBXGroup;
			children = (
				EBBC40FA1DE0E2350028D589 /* FipeOfertas.app */,
				C934C1181DF2F27C00427E20 /* FipeOfertasTests.xctest */,
				C934C1261DF2F28500427E20 /* FipeOfertasUITests.xctest */,
			);
			name = Products;
			sourceTree = "<group>";
		};
		EBBC40FC1DE0E2350028D589 /* FipeOfertas */ = {
			isa = PBXGroup;
			children = (
				C938F6801DEC8F4600D6AB01 /* Images */,
				EBBC41121DE0E2900028D589 /* Model */,
				EBBC410F1DE0E2620028D589 /* Suport Files */,
				EBBC41111DE0E2790028D589 /* Controller */,
				EBBC41101DE0E26F0028D589 /* View */,
			);
			path = FipeOfertas;
			sourceTree = "<group>";
		};
		EBBC410F1DE0E2620028D589 /* Suport Files */ = {
			isa = PBXGroup;
			children = (
				EBBC40FD1DE0E2350028D589 /* AppDelegate.swift */,
				C992427D1DFC67640068D5E4 /* Extensions.swift */,
				EBBC41041DE0E2350028D589 /* Assets.xcassets */,
				EBBC41091DE0E2350028D589 /* Info.plist */,
			);
			name = "Suport Files";
			sourceTree = "<group>";
		};
		EBBC41101DE0E26F0028D589 /* View */ = {
			isa = PBXGroup;
			children = (
				EBBC41011DE0E2350028D589 /* Main.storyboard */,
				EBBC41061DE0E2350028D589 /* LaunchScreen.storyboard */,
			);
			name = View;
			sourceTree = "<group>";
		};
		EBBC41111DE0E2790028D589 /* Controller */ = {
			isa = PBXGroup;
			children = (
				C9A5C9261E034CA200B9E197 /* ShowOfertaViewController.swift */,
				C9A5C9221E034C5200B9E197 /* OfertaViewController.swift */,
				C99242511DFC58780068D5E4 /* MarcaViewController.swift */,
				C99242521DFC58780068D5E4 /* ModeloViewController.swift */,
				C99242531DFC58780068D5E4 /* TiposViewController.swift */,
				C99242541DFC58780068D5E4 /* VeiculoViewController.swift */,
				C99242551DFC58780068D5E4 /* ViewController.swift */,
				C99242561DFC58780068D5E4 /* ViewControllerUtils.swift */,
			);
			name = Controller;
			sourceTree = "<group>";
		};
		EBBC41121DE0E2900028D589 /* Model */ = {
			isa = PBXGroup;
			children = (
				C9A5C91E1E034C2700B9E197 /* Offer.swift */,
				C99242691DFC58B50068D5E4 /* Brand.swift */,
				C992426A1DFC58B50068D5E4 /* Model.swift */,
				C992426B1DFC58B50068D5E4 /* Type.swift */,
				C992426C1DFC58B50068D5E4 /* Vehicle.swift */,
				C992426D1DFC58B50068D5E4 /* VehicleManager.swift */,
			);
			name = Model;
			sourceTree = "<group>";
		};
/* End PBXGroup section */

/* Begin PBXNativeTarget section */
		C934C1171DF2F27C00427E20 /* FipeOfertasTests */ = {
			isa = PBXNativeTarget;
			buildConfigurationList = C934C1211DF2F27C00427E20 /* Build configuration list for PBXNativeTarget "FipeOfertasTests" */;
			buildPhases = (
				F2806925C504449105290FD7 /* [CP] Check Pods Manifest.lock */,
				C934C1141DF2F27C00427E20 /* Sources */,
				C934C1151DF2F27C00427E20 /* Frameworks */,
				C934C1161DF2F27C00427E20 /* Resources */,
				D2FE8857CB8F1A862D661FA3 /* [CP] Embed Pods Frameworks */,
				89336EC798F2F3538844C998 /* [CP] Copy Pods Resources */,
			);
			buildRules = (
			);
			dependencies = (
				C934C11E1DF2F27C00427E20 /* PBXTargetDependency */,
			);
			name = FipeOfertasTests;
			productName = FipeOfertasTests;
			productReference = C934C1181DF2F27C00427E20 /* FipeOfertasTests.xctest */;
			productType = "com.apple.product-type.bundle.unit-test";
		};
		C934C1251DF2F28500427E20 /* FipeOfertasUITests */ = {
			isa = PBXNativeTarget;
			buildConfigurationList = C934C12D1DF2F28600427E20 /* Build configuration list for PBXNativeTarget "FipeOfertasUITests" */;
			buildPhases = (
				6280534C53C2653C2FEAFB90 /* [CP] Check Pods Manifest.lock */,
				C934C1221DF2F28500427E20 /* Sources */,
				C934C1231DF2F28500427E20 /* Frameworks */,
				C934C1241DF2F28500427E20 /* Resources */,
				F06AB537B6B8F45A23FC6B3D /* [CP] Embed Pods Frameworks */,
				DDC897ACA8D5238716709806 /* [CP] Copy Pods Resources */,
			);
			buildRules = (
			);
			dependencies = (
				C934C12C1DF2F28600427E20 /* PBXTargetDependency */,
			);
			name = FipeOfertasUITests;
			productName = FipeOfertasUITests;
			productReference = C934C1261DF2F28500427E20 /* FipeOfertasUITests.xctest */;
			productType = "com.apple.product-type.bundle.ui-testing";
		};
		EBBC40F91DE0E2350028D589 /* FipeOfertas */ = {
			isa = PBXNativeTarget;
			buildConfigurationList = EBBC410C1DE0E2350028D589 /* Build configuration list for PBXNativeTarget "FipeOfertas" */;
			buildPhases = (
				D1959CEB8A0CAE0F18A7279F /* [CP] Check Pods Manifest.lock */,
				EBBC40F61DE0E2350028D589 /* Sources */,
				EBBC40F71DE0E2350028D589 /* Frameworks */,
				EBBC40F81DE0E2350028D589 /* Resources */,
				EA6456234744866BEE88D9CA /* [CP] Embed Pods Frameworks */,
				2382F5EA4B3EA0FE46D100F7 /* [CP] Copy Pods Resources */,
			);
			buildRules = (
			);
			dependencies = (
			);
			name = FipeOfertas;
			productName = FipeOfertas;
			productReference = EBBC40FA1DE0E2350028D589 /* FipeOfertas.app */;
			productType = "com.apple.product-type.application";
		};
/* End PBXNativeTarget section */

/* Begin PBXProject section */
		EBBC40F21DE0E2350028D589 /* Project object */ = {
			isa = PBXProject;
			attributes = {
				LastSwiftUpdateCheck = 0810;
				LastUpgradeCheck = 0810;
				ORGANIZATIONNAME = "Gaspar Teixeira";
				TargetAttributes = {
					C934C1171DF2F27C00427E20 = {
						CreatedOnToolsVersion = 8.1;
						ProvisioningStyle = Automatic;
						TestTargetID = EBBC40F91DE0E2350028D589;
					};
					C934C1251DF2F28500427E20 = {
						CreatedOnToolsVersion = 8.1;
						ProvisioningStyle = Automatic;
						TestTargetID = EBBC40F91DE0E2350028D589;
					};
					EBBC40F91DE0E2350028D589 = {
						CreatedOnToolsVersion = 8.1;
						ProvisioningStyle = Automatic;
					};
				};
			};
			buildConfigurationList = EBBC40F51DE0E2350028D589 /* Build configuration list for PBXProject "FipeOfertas" */;
			compatibilityVersion = "Xcode 3.2";
			developmentRegion = English;
			hasScannedForEncodings = 0;
			knownRegions = (
				en,
				Base,
			);
			mainGroup = EBBC40F11DE0E2350028D589;
			productRefGroup = EBBC40FB1DE0E2350028D589 /* Products */;
			projectDirPath = "";
			projectRoot = "";
			targets = (
				EBBC40F91DE0E2350028D589 /* FipeOfertas */,
				C934C1171DF2F27C00427E20 /* FipeOfertasTests */,
				C934C1251DF2F28500427E20 /* FipeOfertasUITests */,
			);
		};
/* End PBXProject section */

/* Begin PBXResourcesBuildPhase section */
		C934C1161DF2F27C00427E20 /* Resources */ = {
			isa = PBXResourcesBuildPhase;
			buildActionMask = 2147483647;
			files = (
			);
			runOnlyForDeploymentPostprocessing = 0;
		};
		C934C1241DF2F28500427E20 /* Resources */ = {
			isa = PBXResourcesBuildPhase;
			buildActionMask = 2147483647;
			files = (
			);
			runOnlyForDeploymentPostprocessing = 0;
		};
		EBBC40F81DE0E2350028D589 /* Resources */ = {
			isa = PBXResourcesBuildPhase;
			buildActionMask = 2147483647;
			files = (
				EBBC41081DE0E2350028D589 /* LaunchScreen.storyboard in Resources */,
				C9C79ADB1DED1023002DB6AF /* ic_favorite_border.png in Resources */,
				C9C79ADD1DED111A002DB6AF /* ic_filter_list.png in Resources */,
				EBBC41051DE0E2350028D589 /* Assets.xcassets in Resources */,
				C9C79AD91DED1023002DB6AF /* fipeofertas.png in Resources */,
				EBBC41031DE0E2350028D589 /* Main.storyboard in Resources */,
				C9C79ADA1DED1023002DB6AF /* ic_attach_money.png in Resources */,
			);
			runOnlyForDeploymentPostprocessing = 0;
		};
/* End PBXResourcesBuildPhase section */

/* Begin PBXShellScriptBuildPhase section */
		2382F5EA4B3EA0FE46D100F7 /* [CP] Copy Pods Resources */ = {
			isa = PBXShellScriptBuildPhase;
			buildActionMask = 2147483647;
			files = (
			);
			inputPaths = (
			);
			name = "[CP] Copy Pods Resources";
			outputPaths = (
			);
			runOnlyForDeploymentPostprocessing = 0;
			shellPath = /bin/sh;
			shellScript = "\"${SRCROOT}/Pods/Target Support Files/Pods-FipeOfertas/Pods-FipeOfertas-resources.sh\"\n";
			showEnvVarsInLog = 0;
		};
		6280534C53C2653C2FEAFB90 /* [CP] Check Pods Manifest.lock */ = {
			isa = PBXShellScriptBuildPhase;
			buildActionMask = 2147483647;
			files = (
			);
			inputPaths = (
			);
			name = "[CP] Check Pods Manifest.lock";
			outputPaths = (
			);
			runOnlyForDeploymentPostprocessing = 0;
			shellPath = /bin/sh;
			shellScript = "diff \"${PODS_ROOT}/../Podfile.lock\" \"${PODS_ROOT}/Manifest.lock\" > /dev/null\nif [ $? != 0 ] ; then\n    # print error to STDERR\n    echo \"error: The sandbox is not in sync with the Podfile.lock. Run 'pod install' or update your CocoaPods installation.\" >&2\n    exit 1\nfi\n";
			showEnvVarsInLog = 0;
		};
		89336EC798F2F3538844C998 /* [CP] Copy Pods Resources */ = {
			isa = PBXShellScriptBuildPhase;
			buildActionMask = 2147483647;
			files = (
			);
			inputPaths = (
			);
			name = "[CP] Copy Pods Resources";
			outputPaths = (
			);
			runOnlyForDeploymentPostprocessing = 0;
			shellPath = /bin/sh;
			shellScript = "\"${SRCROOT}/Pods/Target Support Files/Pods-FipeOfertas-FipeOfertasTests/Pods-FipeOfertas-FipeOfertasTests-resources.sh\"\n";
			showEnvVarsInLog = 0;
		};
		D1959CEB8A0CAE0F18A7279F /* [CP] Check Pods Manifest.lock */ = {
			isa = PBXShellScriptBuildPhase;
			buildActionMask = 2147483647;
			files = (
			);
			inputPaths = (
			);
			name = "[CP] Check Pods Manifest.lock";
			outputPaths = (
			);
			runOnlyForDeploymentPostprocessing = 0;
			shellPath = /bin/sh;
			shellScript = "diff \"${PODS_ROOT}/../Podfile.lock\" \"${PODS_ROOT}/Manifest.lock\" > /dev/null\nif [ $? != 0 ] ; then\n    # print error to STDERR\n    echo \"error: The sandbox is not in sync with the Podfile.lock. Run 'pod install' or update your CocoaPods installation.\" >&2\n    exit 1\nfi\n";
			showEnvVarsInLog = 0;
		};
		D2FE8857CB8F1A862D661FA3 /* [CP] Embed Pods Frameworks */ = {
			isa = PBXShellScriptBuildPhase;
			buildActionMask = 2147483647;
			files = (
			);
			inputPaths = (
			);
			name = "[CP] Embed Pods Frameworks";
			outputPaths = (
			);
			runOnlyForDeploymentPostprocessing = 0;
			shellPath = /bin/sh;
			shellScript = "\"${SRCROOT}/Pods/Target Support Files/Pods-FipeOfertas-FipeOfertasTests/Pods-FipeOfertas-FipeOfertasTests-frameworks.sh\"\n";
			showEnvVarsInLog = 0;
		};
		DDC897ACA8D5238716709806 /* [CP] Copy Pods Resources */ = {
			isa = PBXShellScriptBuildPhase;
			buildActionMask = 2147483647;
			files = (
			);
			inputPaths = (
			);
			name = "[CP] Copy Pods Resources";
			outputPaths = (
			);
			runOnlyForDeploymentPostprocessing = 0;
			shellPath = /bin/sh;
			shellScript = "\"${SRCROOT}/Pods/Target Support Files/Pods-FipeOfertas-FipeOfertasUITests/Pods-FipeOfertas-FipeOfertasUITests-resources.sh\"\n";
			showEnvVarsInLog = 0;
		};
		EA6456234744866BEE88D9CA /* [CP] Embed Pods Frameworks */ = {
			isa = PBXShellScriptBuildPhase;
			buildActionMask = 2147483647;
			files = (
			);
			inputPaths = (
			);
			name = "[CP] Embed Pods Frameworks";
			outputPaths = (
			);
			runOnlyForDeploymentPostprocessing = 0;
			shellPath = /bin/sh;
			shellScript = "\"${SRCROOT}/Pods/Target Support Files/Pods-FipeOfertas/Pods-FipeOfertas-frameworks.sh\"\n";
			showEnvVarsInLog = 0;
		};
		F06AB537B6B8F45A23FC6B3D /* [CP] Embed Pods Frameworks */ = {
			isa = PBXShellScriptBuildPhase;
			buildActionMask = 2147483647;
			files = (
			);
			inputPaths = (
			);
			name = "[CP] Embed Pods Frameworks";
			outputPaths = (
			);
			runOnlyForDeploymentPostprocessing = 0;
			shellPath = /bin/sh;
			shellScript = "\"${SRCROOT}/Pods/Target Support Files/Pods-FipeOfertas-FipeOfertasUITests/Pods-FipeOfertas-FipeOfertasUITests-frameworks.sh\"\n";
			showEnvVarsInLog = 0;
		};
		F2806925C504449105290FD7 /* [CP] Check Pods Manifest.lock */ = {
			isa = PBXShellScriptBuildPhase;
			buildActionMask = 2147483647;
			files = (
			);
			inputPaths = (
			);
			name = "[CP] Check Pods Manifest.lock";
			outputPaths = (
			);
			runOnlyForDeploymentPostprocessing = 0;
			shellPath = /bin/sh;
			shellScript = "diff \"${PODS_ROOT}/../Podfile.lock\" \"${PODS_ROOT}/Manifest.lock\" > /dev/null\nif [ $? != 0 ] ; then\n    # print error to STDERR\n    echo \"error: The sandbox is not in sync with the Podfile.lock. Run 'pod install' or update your CocoaPods installation.\" >&2\n    exit 1\nfi\n";
			showEnvVarsInLog = 0;
		};
/* End PBXShellScriptBuildPhase section */

/* Begin PBXSourcesBuildPhase section */
		C934C1141DF2F27C00427E20 /* Sources */ = {
			isa = PBXSourcesBuildPhase;
			buildActionMask = 2147483647;
			files = (
				C9A5C9201E034C2700B9E197 /* Offer.swift in Sources */,
				C99242721DFC58B50068D5E4 /* Model.swift in Sources */,
				C99242641DFC58780068D5E4 /* ViewController.swift in Sources */,
				C992427B1DFC58B50068D5E4 /* VehicleManager.swift in Sources */,
				C934C11B1DF2F27C00427E20 /* FipeOfertasTests.swift in Sources */,
				C99242671DFC58780068D5E4 /* ViewControllerUtils.swift in Sources */,
				C99242581DFC58780068D5E4 /* MarcaViewController.swift in Sources */,
				C99242751DFC58B50068D5E4 /* Type.swift in Sources */,
				C992425E1DFC58780068D5E4 /* TiposViewController.swift in Sources */,
				C992427F1DFC67640068D5E4 /* Extensions.swift in Sources */,
				C9A5C9281E034CA200B9E197 /* ShowOfertaViewController.swift in Sources */,
				C992426F1DFC58B50068D5E4 /* Brand.swift in Sources */,
				C99242781DFC58B50068D5E4 /* Vehicle.swift in Sources */,
				C9A5C9241E034C5200B9E197 /* OfertaViewController.swift in Sources */,
				C99242611DFC58780068D5E4 /* VeiculoViewController.swift in Sources */,
				C992425B1DFC58780068D5E4 /* ModeloViewController.swift in Sources */,
			);
			runOnlyForDeploymentPostprocessing = 0;
		};
		C934C1221DF2F28500427E20 /* Sources */ = {
			isa = PBXSourcesBuildPhase;
			buildActionMask = 2147483647;
			files = (
				C9A5C9211E034C2700B9E197 /* Offer.swift in Sources */,
				C99242731DFC58B50068D5E4 /* Model.swift in Sources */,
				C99242651DFC58780068D5E4 /* ViewController.swift in Sources */,
				C992427C1DFC58B50068D5E4 /* VehicleManager.swift in Sources */,
				C934C1291DF2F28600427E20 /* FipeOfertasUITests.swift in Sources */,
				C99242681DFC58780068D5E4 /* ViewControllerUtils.swift in Sources */,
				C99242591DFC58780068D5E4 /* MarcaViewController.swift in Sources */,
				C99242761DFC58B50068D5E4 /* Type.swift in Sources */,
				C992425F1DFC58780068D5E4 /* TiposViewController.swift in Sources */,
				C99242801DFC67640068D5E4 /* Extensions.swift in Sources */,
				C9A5C9291E034CA200B9E197 /* ShowOfertaViewController.swift in Sources */,
				C99242701DFC58B50068D5E4 /* Brand.swift in Sources */,
				C99242791DFC58B50068D5E4 /* Vehicle.swift in Sources */,
				C9A5C9251E034C5200B9E197 /* OfertaViewController.swift in Sources */,
				C99242621DFC58780068D5E4 /* VeiculoViewController.swift in Sources */,
				C992425C1DFC58780068D5E4 /* ModeloViewController.swift in Sources */,
			);
			runOnlyForDeploymentPostprocessing = 0;
		};
		EBBC40F61DE0E2350028D589 /* Sources */ = {
			isa = PBXSourcesBuildPhase;
			buildActionMask = 2147483647;
			files = (
				C9A5C91F1E034C2700B9E197 /* Offer.swift in Sources */,
				C99242711DFC58B50068D5E4 /* Model.swift in Sources */,
				EBBC40FE1DE0E2350028D589 /* AppDelegate.swift in Sources */,
				C992427A1DFC58B50068D5E4 /* VehicleManager.swift in Sources */,
				C99242631DFC58780068D5E4 /* ViewController.swift in Sources */,
				C992425A1DFC58780068D5E4 /* ModeloViewController.swift in Sources */,
				C99242571DFC58780068D5E4 /* MarcaViewController.swift in Sources */,
				C99242741DFC58B50068D5E4 /* Type.swift in Sources */,
				C992425D1DFC58780068D5E4 /* TiposViewController.swift in Sources */,
				C992427E1DFC67640068D5E4 /* Extensions.swift in Sources */,
				C9A5C9271E034CA200B9E197 /* ShowOfertaViewController.swift in Sources */,
				C992426E1DFC58B50068D5E4 /* Brand.swift in Sources */,
				C99242771DFC58B50068D5E4 /* Vehicle.swift in Sources */,
				C9A5C9231E034C5200B9E197 /* OfertaViewController.swift in Sources */,
				C99242661DFC58780068D5E4 /* ViewControllerUtils.swift in Sources */,
				C99242601DFC58780068D5E4 /* VeiculoViewController.swift in Sources */,
			);
			runOnlyForDeploymentPostprocessing = 0;
		};
/* End PBXSourcesBuildPhase section */

/* Begin PBXTargetDependency section */
		C934C11E1DF2F27C00427E20 /* PBXTargetDependency */ = {
			isa = PBXTargetDependency;
			target = EBBC40F91DE0E2350028D589 /* FipeOfertas */;
			targetProxy = C934C11D1DF2F27C00427E20 /* PBXContainerItemProxy */;
		};
		C934C12C1DF2F28600427E20 /* PBXTargetDependency */ = {
			isa = PBXTargetDependency;
			target = EBBC40F91DE0E2350028D589 /* FipeOfertas */;
			targetProxy = C934C12B1DF2F28600427E20 /* PBXContainerItemProxy */;
		};
/* End PBXTargetDependency section */

/* Begin PBXVariantGroup section */
		EBBC41011DE0E2350028D589 /* Main.storyboard */ = {
			isa = PBXVariantGroup;
			children = (
				EBBC41021DE0E2350028D589 /* Base */,
			);
			name = Main.storyboard;
			sourceTree = "<group>";
		};
		EBBC41061DE0E2350028D589 /* LaunchScreen.storyboard */ = {
			isa = PBXVariantGroup;
			children = (
				EBBC41071DE0E2350028D589 /* Base */,
			);
			name = LaunchScreen.storyboard;
			sourceTree = "<group>";
		};
/* End PBXVariantGroup section */

/* Begin XCBuildConfiguration section */
		C934C11F1DF2F27C00427E20 /* Debug */ = {
			isa = XCBuildConfiguration;
			baseConfigurationReference = C1C468735BF9F95CA004289F /* Pods-FipeOfertas-FipeOfertasTests.debug.xcconfig */;
			buildSettings = {
				BUNDLE_LOADER = "$(TEST_HOST)";
				INFOPLIST_FILE = FipeOfertasTests/Info.plist;
				IPHONEOS_DEPLOYMENT_TARGET = 10.1;
				LD_RUNPATH_SEARCH_PATHS = "$(inherited) @executable_path/Frameworks @loader_path/Frameworks";
				PRODUCT_BUNDLE_IDENTIFIER = Com.BR.Dodo.FipeOfertasTests;
				PRODUCT_NAME = "$(TARGET_NAME)";
				SWIFT_VERSION = 3.0;
				TEST_HOST = "$(BUILT_PRODUCTS_DIR)/FipeOfertas.app/FipeOfertas";
			};
			name = Debug;
		};
		C934C1201DF2F27C00427E20 /* Release */ = {
			isa = XCBuildConfiguration;
			baseConfigurationReference = 67B8748F12FA7F22B9D63632 /* Pods-FipeOfertas-FipeOfertasTests.release.xcconfig */;
			buildSettings = {
				BUNDLE_LOADER = "$(TEST_HOST)";
				INFOPLIST_FILE = FipeOfertasTests/Info.plist;
				IPHONEOS_DEPLOYMENT_TARGET = 10.1;
				LD_RUNPATH_SEARCH_PATHS = "$(inherited) @executable_path/Frameworks @loader_path/Frameworks";
				PRODUCT_BUNDLE_IDENTIFIER = Com.BR.Dodo.FipeOfertasTests;
				PRODUCT_NAME = "$(TARGET_NAME)";
				SWIFT_VERSION = 3.0;
				TEST_HOST = "$(BUILT_PRODUCTS_DIR)/FipeOfertas.app/FipeOfertas";
			};
			name = Release;
		};
		C934C12E1DF2F28600427E20 /* Debug */ = {
			isa = XCBuildConfiguration;
			baseConfigurationReference = 528B40B014AEB1C41FE788CE /* Pods-FipeOfertas-FipeOfertasUITests.debug.xcconfig */;
			buildSettings = {
				INFOPLIST_FILE = FipeOfertasUITests/Info.plist;
				IPHONEOS_DEPLOYMENT_TARGET = 10.1;
				LD_RUNPATH_SEARCH_PATHS = "$(inherited) @executable_path/Frameworks @loader_path/Frameworks";
				PRODUCT_BUNDLE_IDENTIFIER = Com.BR.Dodo.FipeOfertasUITests;
				PRODUCT_NAME = "$(TARGET_NAME)";
				SWIFT_VERSION = 3.0;
				TEST_TARGET_NAME = FipeOfertas;
			};
			name = Debug;
		};
		C934C12F1DF2F28600427E20 /* Release */ = {
			isa = XCBuildConfiguration;
			baseConfigurationReference = 281AC2197C3527C716643CCD /* Pods-FipeOfertas-FipeOfertasUITests.release.xcconfig */;
			buildSettings = {
				INFOPLIST_FILE = FipeOfertasUITests/Info.plist;
				IPHONEOS_DEPLOYMENT_TARGET = 10.1;
				LD_RUNPATH_SEARCH_PATHS = "$(inherited) @executable_path/Frameworks @loader_path/Frameworks";
				PRODUCT_BUNDLE_IDENTIFIER = Com.BR.Dodo.FipeOfertasUITests;
				PRODUCT_NAME = "$(TARGET_NAME)";
				SWIFT_VERSION = 3.0;
				TEST_TARGET_NAME = FipeOfertas;
			};
			name = Release;
		};
		EBBC410A1DE0E2350028D589 /* Debug */ = {
			isa = XCBuildConfiguration;
			buildSettings = {
				ALWAYS_SEARCH_USER_PATHS = NO;
				CLANG_ANALYZER_NONNULL = YES;
				CLANG_CXX_LANGUAGE_STANDARD = "gnu++0x";
				CLANG_CXX_LIBRARY = "libc++";
				CLANG_ENABLE_MODULES = YES;
				CLANG_ENABLE_OBJC_ARC = YES;
				CLANG_WARN_BOOL_CONVERSION = YES;
				CLANG_WARN_CONSTANT_CONVERSION = YES;
				CLANG_WARN_DIRECT_OBJC_ISA_USAGE = YES_ERROR;
				CLANG_WARN_DOCUMENTATION_COMMENTS = YES;
				CLANG_WARN_EMPTY_BODY = YES;
				CLANG_WARN_ENUM_CONVERSION = YES;
				CLANG_WARN_INFINITE_RECURSION = YES;
				CLANG_WARN_INT_CONVERSION = YES;
				CLANG_WARN_OBJC_ROOT_CLASS = YES_ERROR;
				CLANG_WARN_SUSPICIOUS_MOVE = YES;
				CLANG_WARN_SUSPICIOUS_MOVES = YES;
				CLANG_WARN_UNREACHABLE_CODE = YES;
				CLANG_WARN__DUPLICATE_METHOD_MATCH = YES;
				CODE_SIGN_IDENTITY = "iPhone Developer";
				"CODE_SIGN_IDENTITY[sdk=iphoneos*]" = "iPhone Developer";
				COPY_PHASE_STRIP = NO;
				DEBUG_INFORMATION_FORMAT = dwarf;
				ENABLE_STRICT_OBJC_MSGSEND = YES;
				ENABLE_TESTABILITY = YES;
				GCC_C_LANGUAGE_STANDARD = gnu99;
				GCC_DYNAMIC_NO_PIC = NO;
				GCC_NO_COMMON_BLOCKS = YES;
				GCC_OPTIMIZATION_LEVEL = 0;
				GCC_PREPROCESSOR_DEFINITIONS = (
					"DEBUG=1",
					"$(inherited)",
				);
				GCC_WARN_64_TO_32_BIT_CONVERSION = YES;
				GCC_WARN_ABOUT_RETURN_TYPE = YES_ERROR;
				GCC_WARN_UNDECLARED_SELECTOR = YES;
				GCC_WARN_UNINITIALIZED_AUTOS = YES_AGGRESSIVE;
				GCC_WARN_UNUSED_FUNCTION = YES;
				GCC_WARN_UNUSED_VARIABLE = YES;
				IPHONEOS_DEPLOYMENT_TARGET = 10.0;
				MTL_ENABLE_DEBUG_INFO = YES;
				ONLY_ACTIVE_ARCH = YES;
				SDKROOT = iphoneos;
				SWIFT_ACTIVE_COMPILATION_CONDITIONS = DEBUG;
				SWIFT_OPTIMIZATION_LEVEL = "-Onone";
				TARGETED_DEVICE_FAMILY = "1,2";
			};
			name = Debug;
		};
		EBBC410B1DE0E2350028D589 /* Release */ = {
			isa = XCBuildConfiguration;
			buildSettings = {
				ALWAYS_SEARCH_USER_PATHS = NO;
				CLANG_ANALYZER_NONNULL = YES;
				CLANG_CXX_LANGUAGE_STANDARD = "gnu++0x";
				CLANG_CXX_LIBRARY = "libc++";
				CLANG_ENABLE_MODULES = YES;
				CLANG_ENABLE_OBJC_ARC = YES;
				CLANG_WARN_BOOL_CONVERSION = YES;
				CLANG_WARN_CONSTANT_CONVERSION = YES;
				CLANG_WARN_DIRECT_OBJC_ISA_USAGE = YES_ERROR;
				CLANG_WARN_DOCUMENTATION_COMMENTS = YES;
				CLANG_WARN_EMPTY_BODY = YES;
				CLANG_WARN_ENUM_CONVERSION = YES;
				CLANG_WARN_INFINITE_RECURSION = YES;
				CLANG_WARN_INT_CONVERSION = YES;
				CLANG_WARN_OBJC_ROOT_CLASS = YES_ERROR;
				CLANG_WARN_SUSPICIOUS_MOVE = YES;
				CLANG_WARN_SUSPICIOUS_MOVES = YES;
				CLANG_WARN_UNREACHABLE_CODE = YES;
				CLANG_WARN__DUPLICATE_METHOD_MATCH = YES;
				CODE_SIGN_IDENTITY = "iPhone Developer";
				"CODE_SIGN_IDENTITY[sdk=iphoneos*]" = "iPhone Developer";
				COPY_PHASE_STRIP = NO;
				DEBUG_INFORMATION_FORMAT = "dwarf-with-dsym";
				ENABLE_NS_ASSERTIONS = NO;
				ENABLE_STRICT_OBJC_MSGSEND = YES;
				GCC_C_LANGUAGE_STANDARD = gnu99;
				GCC_NO_COMMON_BLOCKS = YES;
				GCC_WARN_64_TO_32_BIT_CONVERSION = YES;
				GCC_WARN_ABOUT_RETURN_TYPE = YES_ERROR;
				GCC_WARN_UNDECLARED_SELECTOR = YES;
				GCC_WARN_UNINITIALIZED_AUTOS = YES_AGGRESSIVE;
				GCC_WARN_UNUSED_FUNCTION = YES;
				GCC_WARN_UNUSED_VARIABLE = YES;
				IPHONEOS_DEPLOYMENT_TARGET = 10.0;
				MTL_ENABLE_DEBUG_INFO = NO;
				SDKROOT = iphoneos;
				SWIFT_OPTIMIZATION_LEVEL = "-Owholemodule";
				TARGETED_DEVICE_FAMILY = "1,2";
				VALIDATE_PRODUCT = YES;
			};
			name = Release;
		};
		EBBC410D1DE0E2350028D589 /* Debug */ = {
			isa = XCBuildConfiguration;
			baseConfigurationReference = A8C7914A703A1D246C708377 /* Pods-FipeOfertas.debug.xcconfig */;
			buildSettings = {
				ALWAYS_EMBED_SWIFT_STANDARD_LIBRARIES = YES;
				ASSETCATALOG_COMPILER_APPICON_NAME = AppIcon;
				DEVELOPMENT_TEAM = "";
				INFOPLIST_FILE = FipeOfertas/Info.plist;
				IPHONEOS_DEPLOYMENT_TARGET = 10.0;
				LD_RUNPATH_SEARCH_PATHS = "$(inherited) @executable_path/Frameworks";
				PRODUCT_BUNDLE_IDENTIFIER = com.senacrs.edm.FipeOfertas;
				PRODUCT_NAME = "$(TARGET_NAME)";
				SWIFT_VERSION = 3.0;
			};
			name = Debug;
		};
		EBBC410E1DE0E2350028D589 /* Release */ = {
			isa = XCBuildConfiguration;
			baseConfigurationReference = B7F7DB052898F8D2D132C91F /* Pods-FipeOfertas.release.xcconfig */;
			buildSettings = {
				ALWAYS_EMBED_SWIFT_STANDARD_LIBRARIES = YES;
				ASSETCATALOG_COMPILER_APPICON_NAME = AppIcon;
				DEVELOPMENT_TEAM = "";
				INFOPLIST_FILE = FipeOfertas/Info.plist;
				IPHONEOS_DEPLOYMENT_TARGET = 10.0;
				LD_RUNPATH_SEARCH_PATHS = "$(inherited) @executable_path/Frameworks";
				PRODUCT_BUNDLE_IDENTIFIER = com.senacrs.edm.FipeOfertas;
				PRODUCT_NAME = "$(TARGET_NAME)";
				SWIFT_VERSION = 3.0;
			};
			name = Release;
		};
/* End XCBuildConfiguration section */

/* Begin XCConfigurationList section */
		C934C1211DF2F27C00427E20 /* Build configuration list for PBXNativeTarget "FipeOfertasTests" */ = {
			isa = XCConfigurationList;
			buildConfigurations = (
				C934C11F1DF2F27C00427E20 /* Debug */,
				C934C1201DF2F27C00427E20 /* Release */,
			);
			defaultConfigurationIsVisible = 0;
			defaultConfigurationName = Release;
		};
		C934C12D1DF2F28600427E20 /* Build configuration list for PBXNativeTarget "FipeOfertasUITests" */ = {
			isa = XCConfigurationList;
			buildConfigurations = (
				C934C12E1DF2F28600427E20 /* Debug */,
				C934C12F1DF2F28600427E20 /* Release */,
			);
			defaultConfigurationIsVisible = 0;
			defaultConfigurationName = Release;
		};
		EBBC40F51DE0E2350028D589 /* Build configuration list for PBXProject "FipeOfertas" */ = {
			isa = XCConfigurationList;
			buildConfigurations = (
				EBBC410A1DE0E2350028D589 /* Debug */,
				EBBC410B1DE0E2350028D589 /* Release */,
			);
			defaultConfigurationIsVisible = 0;
			defaultConfigurationName = Release;
		};
		EBBC410C1DE0E2350028D589 /* Build configuration list for PBXNativeTarget "FipeOfertas" */ = {
			isa = XCConfigurationList;
			buildConfigurations = (
				EBBC410D1DE0E2350028D589 /* Debug */,
				EBBC410E1DE0E2350028D589 /* Release */,
			);
			defaultConfigurationIsVisible = 0;
			defaultConfigurationName = Release;
		};
/* End XCConfigurationList section */
	};
	rootObject = EBBC40F21DE0E2350028D589 /* Project object */;
}
