// !$*UTF8*$!
{
	archiveVersion = 1;
	classes = {
	};
	objectVersion = 46;
	objects = {

/* Begin PBXBuildFile section */
		EBBC40FE1DE0E2350028D589 /* AppDelegate.swift in Sources */ = {isa = PBXBuildFile; fileRef = EBBC40FD1DE0E2350028D589 /* AppDelegate.swift */; };
		EBBC41001DE0E2350028D589 /* ViewController.swift in Sources */ = {isa = PBXBuildFile; fileRef = EBBC40FF1DE0E2350028D589 /* ViewController.swift */; };
		EBBC41031DE0E2350028D589 /* Main.storyboard in Resources */ = {isa = PBXBuildFile; fileRef = EBBC41011DE0E2350028D589 /* Main.storyboard */; };
		EBBC41051DE0E2350028D589 /* Assets.xcassets in Resources */ = {isa = PBXBuildFile; fileRef = EBBC41041DE0E2350028D589 /* Assets.xcassets */; };
		EBBC41081DE0E2350028D589 /* LaunchScreen.storyboard in Resources */ = {isa = PBXBuildFile; fileRef = EBBC41061DE0E2350028D589 /* LaunchScreen.storyboard */; };
/* End PBXBuildFile section */

/* Begin PBXFileReference section */
		EBBC40FA1DE0E2350028D589 /* FipeOfertas.app */ = {isa = PBXFileReference; explicitFileType = wrapper.application; includeInIndex = 0; path = FipeOfertas.app; sourceTree = BUILT_PRODUCTS_DIR; };
		EBBC40FD1DE0E2350028D589 /* AppDelegate.swift */ = {isa = PBXFileReference; lastKnownFileType = sourcecode.swift; path = AppDelegate.swift; sourceTree = "<group>"; };
		EBBC40FF1DE0E2350028D589 /* ViewController.swift */ = {isa = PBXFileReference; lastKnownFileType = sourcecode.swift; path = ViewController.swift; sourceTree = "<group>"; };
		EBBC41021DE0E2350028D589 /* Base */ = {isa = PBXFileReference; lastKnownFileType = file.storyboard; name = Base; path = Base.lproj/Main.storyboard; sourceTree = "<group>"; };
		EBBC41041DE0E2350028D589 /* Assets.xcassets */ = {isa = PBXFileReference; lastKnownFileType = folder.assetcatalog; path = Assets.xcassets; sourceTree = "<group>"; };
		EBBC41071DE0E2350028D589 /* Base */ = {isa = PBXFileReference; lastKnownFileType = file.storyboard; name = Base; path = Base.lproj/LaunchScreen.storyboard; sourceTree = "<group>"; };
		EBBC41091DE0E2350028D589 /* Info.plist */ = {isa = PBXFileReference; lastKnownFileType = text.plist.xml; path = Info.plist; sourceTree = "<group>"; };
/* End PBXFileReference section */

/* Begin PBXFrameworksBuildPhase section */
		EBBC40F71DE0E2350028D589 /* Frameworks */ = {
			isa = PBXFrameworksBuildPhase;
			buildActionMask = 2147483647;
			files = (
			);
			runOnlyForDeploymentPostprocessing = 0;
		};
/* End PBXFrameworksBuildPhase section */

/* Begin PBXGroup section */
		EBBC40F11DE0E2350028D589 = {
			isa = PBXGroup;
			children = (
				EBBC40FC1DE0E2350028D589 /* FipeOfertas */,
				EBBC40FB1DE0E2350028D589 /* Products */,
			);
			sourceTree = "<group>";
		};
		EBBC40FB1DE0E2350028D589 /* Products */ = {
			isa = PBXGroup;
			children = (
				EBBC40FA1DE0E2350028D589 /* FipeOfertas.app */,
			);
			name = Products;
			sourceTree = "<group>";
		};
		EBBC40FC1DE0E2350028D589 /* FipeOfertas */ = {
			isa = PBXGroup;
			children = (
				EBBC40FD1DE0E2350028D589 /* AppDelegate.swift */,
				EBBC40FF1DE0E2350028D589 /* ViewController.swift */,
				EBBC41011DE0E2350028D589 /* Main.storyboard */,
				EBBC41041DE0E2350028D589 /* Assets.xcassets */,
				EBBC41061DE0E2350028D589 /* LaunchScreen.storyboard */,
				EBBC41091DE0E2350028D589 /* Info.plist */,
			);
			path = FipeOfertas;
			sourceTree = "<group>";
		};
/* End PBXGroup section */

/* Begin PBXNativeTarget section */
		EBBC40F91DE0E2350028D589 /* FipeOfertas */ = {
			isa = PBXNativeTarget;
			buildConfigurationList = EBBC410C1DE0E2350028D589 /* Build configuration list for PBXNativeTarget "FipeOfertas" */;
			buildPhases = (
				EBBC40F61DE0E2350028D589 /* Sources */,
				EBBC40F71DE0E2350028D589 /* Frameworks */,
				EBBC40F81DE0E2350028D589 /* Resources */,
			);
			buildRules = (
			);
			dependencies = (
			);
			name = FipeOfertas;
			productName = FipeOfertas;
			productReference = EBBC40FA1DE0E2350028D589 /* FipeOfertas.app */;
			productType = "com.apple.product-type.application";
		};
/* End PBXNativeTarget section */

/* Begin PBXProject section */
		EBBC40F21DE0E2350028D589 /* Project object */ = {
			isa = PBXProject;
			attributes = {
				LastSwiftUpdateCheck = 0810;
				LastUpgradeCheck = 0810;
				ORGANIZATIONNAME = "Gaspar Teixeira";
				TargetAttributes = {
					EBBC40F91DE0E2350028D589 = {
						CreatedOnToolsVersion = 8.1;
						DevelopmentTeam = 66TFW9PS7V;
						ProvisioningStyle = Automatic;
					};
				};
			};
			buildConfigurationList = EBBC40F51DE0E2350028D589 /* Build configuration list for PBXProject "FipeOfertas" */;
			compatibilityVersion = "Xcode 3.2";
			developmentRegion = English;
			hasScannedForEncodings = 0;
			knownRegions = (
				en,
				Base,
			);
			mainGroup = EBBC40F11DE0E2350028D589;
			productRefGroup = EBBC40FB1DE0E2350028D589 /* Products */;
			projectDirPath = "";
			projectRoot = "";
			targets = (
				EBBC40F91DE0E2350028D589 /* FipeOfertas */,
			);
		};
/* End PBXProject section */

/* Begin PBXResourcesBuildPhase section */
		EBBC40F81DE0E2350028D589 /* Resources */ = {
			isa = PBXResourcesBuildPhase;
			buildActionMask = 2147483647;
			files = (
				EBBC41081DE0E2350028D589 /* LaunchScreen.storyboard in Resources */,
				EBBC41051DE0E2350028D589 /* Assets.xcassets in Resources */,
				EBBC41031DE0E2350028D589 /* Main.storyboard in Resources */,
			);
			runOnlyForDeploymentPostprocessing = 0;
		};
/* End PBXResourcesBuildPhase section */

/* Begin PBXSourcesBuildPhase section */
		EBBC40F61DE0E2350028D589 /* Sources */ = {
			isa = PBXSourcesBuildPhase;
			buildActionMask = 2147483647;
			files = (
				EBBC41001DE0E2350028D589 /* ViewController.swift in Sources */,
				EBBC40FE1DE0E2350028D589 /* AppDelegate.swift in Sources */,
			);
			runOnlyForDeploymentPostprocessing = 0;
		};
/* End PBXSourcesBuildPhase section */

/* Begin PBXVariantGroup section */
		EBBC41011DE0E2350028D589 /* Main.storyboard */ = {
			isa = PBXVariantGroup;
			children = (
				EBBC41021DE0E2350028D589 /* Base */,
			);
			name = Main.storyboard;
			sourceTree = "<group>";
		};
		EBBC41061DE0E2350028D589 /* LaunchScreen.storyboard */ = {
			isa = PBXVariantGroup;
			children = (
				EBBC41071DE0E2350028D589 /* Base */,
			);
			name = LaunchScreen.storyboard;
			sourceTree = "<group>";
		};
/* End PBXVariantGroup section */

/* Begin XCBuildConfiguration section */
		EBBC410A1DE0E2350028D589 /* Debug */ = {
			isa = XCBuildConfiguration;
			buildSettings = {
				ALWAYS_SEARCH_USER_PATHS = NO;
				CLANG_ANALYZER_NONNULL = YES;
				CLANG_CXX_LANGUAGE_STANDARD = "gnu++0x";
				CLANG_CXX_LIBRARY = "libc++";
				CLANG_ENABLE_MODULES = YES;
				CLANG_ENABLE_OBJC_ARC = YES;
				CLANG_WARN_BOOL_CONVERSION = YES;
				CLANG_WARN_CONSTANT_CONVERSION = YES;
				CLANG_WARN_DIRECT_OBJC_ISA_USAGE = YES_ERROR;
				CLANG_WARN_DOCUMENTATION_COMMENTS = YES;
				CLANG_WARN_EMPTY_BODY = YES;
				CLANG_WARN_ENUM_CONVERSION = YES;
				CLANG_WARN_INFINITE_RECURSION = YES;
				CLANG_WARN_INT_CONVERSION = YES;
				CLANG_WARN_OBJC_ROOT_CLASS = YES_ERROR;
				CLANG_WARN_SUSPICIOUS_MOVES = YES;
				CLANG_WARN_UNREACHABLE_CODE = YES;
				CLANG_WARN__DUPLICATE_METHOD_MATCH = YES;
				"CODE_SIGN_IDENTITY[sdk=iphoneos*]" = "iPhone Developer";
				COPY_PHASE_STRIP = NO;
				DEBUG_INFORMATION_FORMAT = dwarf;
				ENABLE_STRICT_OBJC_MSGSEND = YES;
				ENABLE_TESTABILITY = YES;
				GCC_C_LANGUAGE_STANDARD = gnu99;
				GCC_DYNAMIC_NO_PIC = NO;
				GCC_NO_COMMON_BLOCKS = YES;
				GCC_OPTIMIZATION_LEVEL = 0;
				GCC_PREPROCESSOR_DEFINITIONS = (
					"DEBUG=1",
					"$(inherited)",
				);
				GCC_WARN_64_TO_32_BIT_CONVERSION = YES;
				GCC_WARN_ABOUT_RETURN_TYPE = YES_ERROR;
				GCC_WARN_UNDECLARED_SELECTOR = YES;
				GCC_WARN_UNINITIALIZED_AUTOS = YES_AGGRESSIVE;
				GCC_WARN_UNUSED_FUNCTION = YES;
				GCC_WARN_UNUSED_VARIABLE = YES;
				IPHONEOS_DEPLOYMENT_TARGET = 10.1;
				MTL_ENABLE_DEBUG_INFO = YES;
				ONLY_ACTIVE_ARCH = YES;
				SDKROOT = iphoneos;
				SWIFT_ACTIVE_COMPILATION_CONDITIONS = DEBUG;
				SWIFT_OPTIMIZATION_LEVEL = "-Onone";
				TARGETED_DEVICE_FAMILY = "1,2";
			};
			name = Debug;
		};
		EBBC410B1DE0E2350028D589 /* Release */ = {
			isa = XCBuildConfiguration;
			buildSettings = {
				ALWAYS_SEARCH_USER_PATHS = NO;
				CLANG_ANALYZER_NONNULL = YES;
				CLANG_CXX_LANGUAGE_STANDARD = "gnu++0x";
				CLANG_CXX_LIBRARY = "libc++";
				CLANG_ENABLE_MODULES = YES;
				CLANG_ENABLE_OBJC_ARC = YES;
				CLANG_WARN_BOOL_CONVERSION = YES;
				CLANG_WARN_CONSTANT_CONVERSION = YES;
				CLANG_WARN_DIRECT_OBJC_ISA_USAGE = YES_ERROR;
				CLANG_WARN_DOCUMENTATION_COMMENTS = YES;
				CLANG_WARN_EMPTY_BODY = YES;
				CLANG_WARN_ENUM_CONVERSION = YES;
				CLANG_WARN_INFINITE_RECURSION = YES;
				CLANG_WARN_INT_CONVERSION = YES;
				CLANG_WARN_OBJC_ROOT_CLASS = YES_ERROR;
				CLANG_WARN_SUSPICIOUS_MOVES = YES;
				CLANG_WARN_UNREACHABLE_CODE = YES;
				CLANG_WARN__DUPLICATE_METHOD_MATCH = YES;
				"CODE_SIGN_IDENTITY[sdk=iphoneos*]" = "iPhone Developer";
				COPY_PHASE_STRIP = NO;
				DEBUG_INFORMATION_FORMAT = "dwarf-with-dsym";
				ENABLE_NS_ASSERTIONS = NO;
				ENABLE_STRICT_OBJC_MSGSEND = YES;
				GCC_C_LANGUAGE_STANDARD = gnu99;
				GCC_NO_COMMON_BLOCKS = YES;
				GCC_WARN_64_TO_32_BIT_CONVERSION = YES;
				GCC_WARN_ABOUT_RETURN_TYPE = YES_ERROR;
				GCC_WARN_UNDECLARED_SELECTOR = YES;
				GCC_WARN_UNINITIALIZED_AUTOS = YES_AGGRESSIVE;
				GCC_WARN_UNUSED_FUNCTION = YES;
				GCC_WARN_UNUSED_VARIABLE = YES;
				IPHONEOS_DEPLOYMENT_TARGET = 10.1;
				MTL_ENABLE_DEBUG_INFO = NO;
				SDKROOT = iphoneos;
				SWIFT_OPTIMIZATION_LEVEL = "-Owholemodule";
				TARGETED_DEVICE_FAMILY = "1,2";
				VALIDATE_PRODUCT = YES;
			};
			name = Release;
		};
		EBBC410D1DE0E2350028D589 /* Debug */ = {
			isa = XCBuildConfiguration;
			buildSettings = {
				ASSETCATALOG_COMPILER_APPICON_NAME = AppIcon;
				DEVELOPMENT_TEAM = 66TFW9PS7V;
				INFOPLIST_FILE = FipeOfertas/Info.plist;
				LD_RUNPATH_SEARCH_PATHS = "$(inherited) @executable_path/Frameworks";
				PRODUCT_BUNDLE_IDENTIFIER = com.senacrs.edm.FipeOfertas;
				PRODUCT_NAME = "$(TARGET_NAME)";
				SWIFT_VERSION = 3.0;
			};
			name = Debug;
		};
		EBBC410E1DE0E2350028D589 /* Release */ = {
			isa = XCBuildConfiguration;
			buildSettings = {
				ASSETCATALOG_COMPILER_APPICON_NAME = AppIcon;
				DEVELOPMENT_TEAM = 66TFW9PS7V;
				INFOPLIST_FILE = FipeOfertas/Info.plist;
				LD_RUNPATH_SEARCH_PATHS = "$(inherited) @executable_path/Frameworks";
				PRODUCT_BUNDLE_IDENTIFIER = com.senacrs.edm.FipeOfertas;
				PRODUCT_NAME = "$(TARGET_NAME)";
				SWIFT_VERSION = 3.0;
			};
			name = Release;
		};
/* End XCBuildConfiguration section */

/* Begin XCConfigurationList section */
		EBBC40F51DE0E2350028D589 /* Build configuration list for PBXProject "FipeOfertas" */ = {
			isa = XCConfigurationList;
			buildConfigurations = (
				EBBC410A1DE0E2350028D589 /* Debug */,
				EBBC410B1DE0E2350028D589 /* Release */,
			);
			defaultConfigurationIsVisible = 0;
			defaultConfigurationName = Release;
		};
		EBBC410C1DE0E2350028D589 /* Build configuration list for PBXNativeTarget "FipeOfertas" */ = {
			isa = XCConfigurationList;
			buildConfigurations = (
				EBBC410D1DE0E2350028D589 /* Debug */,
				EBBC410E1DE0E2350028D589 /* Release */,
			);
			defaultConfigurationIsVisible = 0;
		};
/* End XCConfigurationList section */
	};
	rootObject = EBBC40F21DE0E2350028D589 /* Project object */;
}
